// !$*UTF8*$!
{
	archiveVersion = 1;
	classes = {
	};
	objectVersion = 54;
	objects = {

/* Begin PBXBuildFile section */
		0967677F29371BA0005CFA58 /* SocketIO in Frameworks */ = {isa = PBXBuildFile; productRef = 0967677E29371BA0005CFA58 /* SocketIO */; };
		09676781293727CE005CFA58 /* CaBotServiceTCP.swift in Sources */ = {isa = PBXBuildFile; fileRef = 09676780293727CE005CFA58 /* CaBotServiceTCP.swift */; };
		09725B0A24FE4AC300012D42 /* DialogViewControllerCabot.swift in Sources */ = {isa = PBXBuildFile; fileRef = 09725B0924FE4AC300012D42 /* DialogViewControllerCabot.swift */; };
		097845C02531E65B004DE1F6 /* Attend-InfoPlist.strings in Resources */ = {isa = PBXBuildFile; fileRef = 097845C22531E65B004DE1F6 /* Attend-InfoPlist.strings */; };
		0D05CB7B2D01DCF80077CAA1 /* DetailSettingView.swift in Sources */ = {isa = PBXBuildFile; fileRef = 0D05CB7A2D01DCF80077CAA1 /* DetailSettingView.swift */; };
		3009AC3126AA3F4000370873 /* HLPDialog in Frameworks */ = {isa = PBXBuildFile; productRef = 3009AC3026AA3F4000370873 /* HLPDialog */; };
		3013614026A0BF590050CF9E /* PreviewResource in Resources */ = {isa = PBXBuildFile; fileRef = 3013613F26A0BF590050CF9E /* PreviewResource */; };
		3013614326A0F8E10050CF9E /* TourDetailView.swift in Sources */ = {isa = PBXBuildFile; fileRef = 3013614226A0F8E10050CF9E /* TourDetailView.swift */; };
		3013614726A1E77B0050CF9E /* WebContentView.swift in Sources */ = {isa = PBXBuildFile; fileRef = 3013614626A1E77B0050CF9E /* WebContentView.swift */; };
		306069B429A5E45D001FB5DB /* NavigationBackport in Frameworks */ = {isa = PBXBuildFile; productRef = 306069B329A5E45D001FB5DB /* NavigationBackport */; };
		306069B629A686D9001FB5DB /* CaBotServiceCommon.swift in Sources */ = {isa = PBXBuildFile; fileRef = 306069B529A686D9001FB5DB /* CaBotServiceCommon.swift */; };
		306C7F6C265D435100E5928E /* Yams in Frameworks */ = {isa = PBXBuildFile; productRef = 306C7F6B265D435100E5928E /* Yams */; };
		308FCE1B27D8F4C8009FCC7B /* DeviceStatusView.swift in Sources */ = {isa = PBXBuildFile; fileRef = 308FCE1A27D8F4C8009FCC7B /* DeviceStatusView.swift */; };
		308FCE1D27D8F4D3009FCC7B /* SystemStatusView.swift in Sources */ = {isa = PBXBuildFile; fileRef = 308FCE1C27D8F4D3009FCC7B /* SystemStatusView.swift */; };
		308FCE2327D9014E009FCC7B /* Collections in Frameworks */ = {isa = PBXBuildFile; productRef = 308FCE2227D9014E009FCC7B /* Collections */; };
		308FCE2A27E12844009FCC7B /* Gzip in Frameworks */ = {isa = PBXBuildFile; productRef = 308FCE2927E12844009FCC7B /* Gzip */; };
		308FCE2C27E42B7B009FCC7B /* SystemStatusDetailView.swift in Sources */ = {isa = PBXBuildFile; fileRef = 308FCE2B27E42B7B009FCC7B /* SystemStatusDetailView.swift */; };
		308FCE2E27E62B30009FCC7B /* BatteryStatusView.swift in Sources */ = {isa = PBXBuildFile; fileRef = 308FCE2D27E62B30009FCC7B /* BatteryStatusView.swift */; };
		308FCE3027E81B7E009FCC7B /* StatusLabelStyle.swift in Sources */ = {isa = PBXBuildFile; fileRef = 308FCE2F27E81B7E009FCC7B /* StatusLabelStyle.swift */; };
		3096BF1426A5C29F0066F256 /* SettingView.swift in Sources */ = {isa = PBXBuildFile; fileRef = 3096BF1326A5C29F0066F256 /* SettingView.swift */; };
		3096BF1826A5D0990066F256 /* TTSHelper.swift in Sources */ = {isa = PBXBuildFile; fileRef = 3096BF1726A5D0990066F256 /* TTSHelper.swift */; };
		3099132B265DE50A000C1BFE /* Resource in Resources */ = {isa = PBXBuildFile; fileRef = 3099132A265DE50A000C1BFE /* Resource */; };
		3099132D26603B10000C1BFE /* LocalConversation.swift in Sources */ = {isa = PBXBuildFile; fileRef = 3099132C26603B10000C1BFE /* LocalConversation.swift */; };
		30AFA5882D00BCD0004AFA98 /* ChatViewModel.swift in Sources */ = {isa = PBXBuildFile; fileRef = 30AFA57E2D00BCD0004AFA98 /* ChatViewModel.swift */; };
		30AFA5892D00BCD0004AFA98 /* ChatViewModel.swift in Sources */ = {isa = PBXBuildFile; fileRef = 30AFA57E2D00BCD0004AFA98 /* ChatViewModel.swift */; };
		30AFA58A2D00BCD0004AFA98 /* AppleSTT.swift in Sources */ = {isa = PBXBuildFile; fileRef = 30AFA57F2D00BCD0004AFA98 /* AppleSTT.swift */; };
		30AFA58B2D00BCD0004AFA98 /* AppleSTT.swift in Sources */ = {isa = PBXBuildFile; fileRef = 30AFA57F2D00BCD0004AFA98 /* AppleSTT.swift */; };
		30AFA58C2D00BCD0004AFA98 /* LimitedArray.swift in Sources */ = {isa = PBXBuildFile; fileRef = 30AFA5802D00BCD0004AFA98 /* LimitedArray.swift */; };
		30AFA58D2D00BCD0004AFA98 /* LimitedArray.swift in Sources */ = {isa = PBXBuildFile; fileRef = 30AFA5802D00BCD0004AFA98 /* LimitedArray.swift */; };
		30AFA58E2D00BCD0004AFA98 /* ChatConfiguration.swift in Sources */ = {isa = PBXBuildFile; fileRef = 30AFA5812D00BCD0004AFA98 /* ChatConfiguration.swift */; };
		30AFA58F2D00BCD0004AFA98 /* ChatConfiguration.swift in Sources */ = {isa = PBXBuildFile; fileRef = 30AFA5812D00BCD0004AFA98 /* ChatConfiguration.swift */; };
		30AFA5902D00BCD0004AFA98 /* ContentView.swift in Sources */ = {isa = PBXBuildFile; fileRef = 30AFA5822D00BCD0004AFA98 /* ContentView.swift */; };
		30AFA5912D00BCD0004AFA98 /* ContentView.swift in Sources */ = {isa = PBXBuildFile; fileRef = 30AFA5822D00BCD0004AFA98 /* ContentView.swift */; };
		30AFA5922D00BCD0004AFA98 /* ChatClientOpenAI.swift in Sources */ = {isa = PBXBuildFile; fileRef = 30AFA5832D00BCD0004AFA98 /* ChatClientOpenAI.swift */; };
		30AFA5932D00BCD0004AFA98 /* ChatClientOpenAI.swift in Sources */ = {isa = PBXBuildFile; fileRef = 30AFA5832D00BCD0004AFA98 /* ChatClientOpenAI.swift */; };
		30AFA5942D00BCD0004AFA98 /* PriorityQueueTTSWrapper.swift in Sources */ = {isa = PBXBuildFile; fileRef = 30AFA5842D00BCD0004AFA98 /* PriorityQueueTTSWrapper.swift */; };
		30AFA5952D00BCD0004AFA98 /* PriorityQueueTTSWrapper.swift in Sources */ = {isa = PBXBuildFile; fileRef = 30AFA5842D00BCD0004AFA98 /* PriorityQueueTTSWrapper.swift */; };
		30AFA5982D00BCD0004AFA98 /* ChatSettingsView.swift in Sources */ = {isa = PBXBuildFile; fileRef = 30AFA5862D00BCD0004AFA98 /* ChatSettingsView.swift */; };
		30AFA5992D00BCD0004AFA98 /* ChatSettingsView.swift in Sources */ = {isa = PBXBuildFile; fileRef = 30AFA5862D00BCD0004AFA98 /* ChatSettingsView.swift */; };
		30AFA59A2D00BCD0004AFA98 /* SpeechRecognizer.swift in Sources */ = {isa = PBXBuildFile; fileRef = 30AFA5872D00BCD0004AFA98 /* SpeechRecognizer.swift */; };
		30AFA59B2D00BCD0004AFA98 /* SpeechRecognizer.swift in Sources */ = {isa = PBXBuildFile; fileRef = 30AFA5872D00BCD0004AFA98 /* SpeechRecognizer.swift */; };
		30AFA59E2D00BD4E004AFA98 /* ChatView in Frameworks */ = {isa = PBXBuildFile; productRef = 30AFA59D2D00BD4E004AFA98 /* ChatView */; };
		30AFA5A02D00BD73004AFA98 /* ChatView in Frameworks */ = {isa = PBXBuildFile; productRef = 30AFA59F2D00BD73004AFA98 /* ChatView */; };
		30AFA5A32D00BDAB004AFA98 /* OpenAI in Frameworks */ = {isa = PBXBuildFile; productRef = 30AFA5A22D00BDAB004AFA98 /* OpenAI */; };
		30AFA5A52D00BDB4004AFA98 /* OpenAI in Frameworks */ = {isa = PBXBuildFile; productRef = 30AFA5A42D00BDB4004AFA98 /* OpenAI */; };
		30C3059E26B9036A00A1383A /* DestinationDetailView.swift in Sources */ = {isa = PBXBuildFile; fileRef = 30C3059D26B9036A00A1383A /* DestinationDetailView.swift */; };
		30E50DCC269F672800729ABD /* TourManager.swift in Sources */ = {isa = PBXBuildFile; fileRef = 30E50DCB269F672800729ABD /* TourManager.swift */; };
		30E50DCE269F75DB00729ABD /* CaBotApp.swift in Sources */ = {isa = PBXBuildFile; fileRef = 30E50DCD269F75DB00729ABD /* CaBotApp.swift */; };
		30E50DD0269F76F000729ABD /* CaBotAppModel.swift in Sources */ = {isa = PBXBuildFile; fileRef = 30E50DCF269F76F000729ABD /* CaBotAppModel.swift */; };
		30E50DD4269F77CE00729ABD /* RootView.swift in Sources */ = {isa = PBXBuildFile; fileRef = 30E50DD3269F77CE00729ABD /* RootView.swift */; };
		30E50DD7269F784A00729ABD /* OnboardGrantAccess.swift in Sources */ = {isa = PBXBuildFile; fileRef = 30E50DD5269F784A00729ABD /* OnboardGrantAccess.swift */; };
		30E50DD8269F784A00729ABD /* MainMenuView.swift in Sources */ = {isa = PBXBuildFile; fileRef = 30E50DD6269F784A00729ABD /* MainMenuView.swift */; };
		30E50DDB269F7E3800729ABD /* CaBot.xcdatamodeld in Sources */ = {isa = PBXBuildFile; fileRef = 30E50DD9269F7E3800729ABD /* CaBot.xcdatamodeld */; };
		30E50DE226A0BA5200729ABD /* DestinationsView.swift in Sources */ = {isa = PBXBuildFile; fileRef = 30E50DE126A0BA5200729ABD /* DestinationsView.swift */; };
		30E50DE826A0BBE900729ABD /* ToursView.swift in Sources */ = {isa = PBXBuildFile; fileRef = 30E50DE726A0BBE900729ABD /* ToursView.swift */; };
		30E99D9226681097001ACAAA /* ResourceManager.swift in Sources */ = {isa = PBXBuildFile; fileRef = 30E99D9126681097001ACAAA /* ResourceManager.swift */; };
		30E99D94266A92EA001ACAAA /* JSHelper.swift in Sources */ = {isa = PBXBuildFile; fileRef = 30E99D93266A92EA001ACAAA /* JSHelper.swift */; };
		30E99D96266A993E001ACAAA /* Extension.swift in Sources */ = {isa = PBXBuildFile; fileRef = 30E99D95266A993E001ACAAA /* Extension.swift */; };
		30E99DA4266B2216001ACAAA /* BeaconSampler.swift in Sources */ = {isa = PBXBuildFile; fileRef = 30E99DA3266B2216001ACAAA /* BeaconSampler.swift */; };
		458B54392A970B4A00AD9D10 /* LogFilesView.swift in Sources */ = {isa = PBXBuildFile; fileRef = 458B54382A970B4A00AD9D10 /* LogFilesView.swift */; };
		7E29F014228B548200CA7DD6 /* Assets.xcassets in Resources */ = {isa = PBXBuildFile; fileRef = 7E29F013228B548200CA7DD6 /* Assets.xcassets */; };
		7E29F022228B548200CA7DD6 /* CaBotTests.swift in Sources */ = {isa = PBXBuildFile; fileRef = 7E29F021228B548200CA7DD6 /* CaBotTests.swift */; };
		7E29F02D228B548200CA7DD6 /* CaBotUITests.swift in Sources */ = {isa = PBXBuildFile; fileRef = 7E29F02C228B548200CA7DD6 /* CaBotUITests.swift */; };
		7E29F06D228B55C000CA7DD6 /* NavDeviceTTS.m in Sources */ = {isa = PBXBuildFile; fileRef = 7E29F062228B55C000CA7DD6 /* NavDeviceTTS.m */; };
		7E29F072228B55FC00CA7DD6 /* CaBotServiceBLE.swift in Sources */ = {isa = PBXBuildFile; fileRef = 7E29F070228B55FC00CA7DD6 /* CaBotServiceBLE.swift */; };
		7E51C3902AABA88C0095945F /* Logging.m in Sources */ = {isa = PBXBuildFile; fileRef = 7E51C38F2AABA88C0095945F /* Logging.m */; };
		7E557F002581C79B00B1B9CA /* Localizable.strings in Resources */ = {isa = PBXBuildFile; fileRef = 7E557EFE2581C79B00B1B9CA /* Localizable.strings */; };
		7E8F5A202BA4D33800E5D547 /* SpokenTextView.swift in Sources */ = {isa = PBXBuildFile; fileRef = 7E8F5A1F2BA4D33800E5D547 /* SpokenTextView.swift */; };
		7E9690C329EAF25C0062DEBD /* DetailSettingView.swift in Sources */ = {isa = PBXBuildFile; fileRef = 7E9690C229EAF25C0062DEBD /* DetailSettingView.swift */; };
		7ECCFD872CFB93BC00894970 /* SuitcaseFeatures.swift in Sources */ = {isa = PBXBuildFile; fileRef = 7ECCFD862CFB93BC00894970 /* SuitcaseFeatures.swift */; };
		7ECCFD882CFB940100894970 /* SuitcaseFeatures.swift in Sources */ = {isa = PBXBuildFile; fileRef = 7ECCFD862CFB93BC00894970 /* SuitcaseFeatures.swift */; };
		7EDE7C8629B428BB00A65829 /* data in Resources */ = {isa = PBXBuildFile; fileRef = 7EDE7C8529B428BB00A65829 /* data */; };
		7EDE7C8E29B5715800A65829 /* ResourceChecker.swift in Sources */ = {isa = PBXBuildFile; fileRef = 7EDE7C8D29B5715800A65829 /* ResourceChecker.swift */; };
		7EDE7C9629B5737C00A65829 /* ArgumentParser in Frameworks */ = {isa = PBXBuildFile; productRef = 7EDE7C9529B5737C00A65829 /* ArgumentParser */; };
		7EDE7C9729B5802200A65829 /* ResourceManager.swift in Sources */ = {isa = PBXBuildFile; fileRef = 30E99D9126681097001ACAAA /* ResourceManager.swift */; };
		7EDE7C9929B5803700A65829 /* Yams in Frameworks */ = {isa = PBXBuildFile; productRef = 7EDE7C9829B5803700A65829 /* Yams */; };
		7EDF3C4229D4776D00AD1115 /* I18NExtension.swift in Sources */ = {isa = PBXBuildFile; fileRef = 7EDF3C4129D4776D00AD1115 /* I18NExtension.swift */; };
		7EDF3C4329D4783900AD1115 /* I18NExtension.swift in Sources */ = {isa = PBXBuildFile; fileRef = 7EDF3C4129D4776D00AD1115 /* I18NExtension.swift */; };
		7EDF3C4429D48C3200AD1115 /* Localizable.strings in CopyFiles */ = {isa = PBXBuildFile; fileRef = 7E557EFE2581C79B00B1B9CA /* Localizable.strings */; };
		7EDF3C4529D4901000AD1115 /* Resource in CopyFiles */ = {isa = PBXBuildFile; fileRef = 3099132A265DE50A000C1BFE /* Resource */; };
		7EF5F1EA228DB07100788987 /* NavUtil.m in Sources */ = {isa = PBXBuildFile; fileRef = 7EF5F1E8228DB07100788987 /* NavUtil.m */; };
		A97F30DF2CDDC9FA00BE5C43 /* PriorityQueueTTS in Frameworks */ = {isa = PBXBuildFile; productRef = A97F30DE2CDDC9FA00BE5C43 /* PriorityQueueTTS */; };
		A97F30E12CDDCA0D00BE5C43 /* PriorityQueueTTS in Frameworks */ = {isa = PBXBuildFile; productRef = A97F30E02CDDCA0D00BE5C43 /* PriorityQueueTTS */; };
		D7CC04F42BFB352700C0B10A /* DialogViewControllerCabot.swift in Sources */ = {isa = PBXBuildFile; fileRef = 09725B0924FE4AC300012D42 /* DialogViewControllerCabot.swift */; };
		D7CC04F52BFB352700C0B10A /* LogFilesView.swift in Sources */ = {isa = PBXBuildFile; fileRef = 458B54382A970B4A00AD9D10 /* LogFilesView.swift */; };
		D7CC04F62BFB352700C0B10A /* CaBotAppModel.swift in Sources */ = {isa = PBXBuildFile; fileRef = 30E50DCF269F76F000729ABD /* CaBotAppModel.swift */; };
		D7CC04F72BFB352700C0B10A /* OnboardGrantAccess.swift in Sources */ = {isa = PBXBuildFile; fileRef = 30E50DD5269F784A00729ABD /* OnboardGrantAccess.swift */; };
		D7CC04FA2BFB352700C0B10A /* LocalConversation.swift in Sources */ = {isa = PBXBuildFile; fileRef = 3099132C26603B10000C1BFE /* LocalConversation.swift */; };
		D7CC04FB2BFB352700C0B10A /* ToursView.swift in Sources */ = {isa = PBXBuildFile; fileRef = 30E50DE726A0BBE900729ABD /* ToursView.swift */; };
		D7CC04FC2BFB352700C0B10A /* JSHelper.swift in Sources */ = {isa = PBXBuildFile; fileRef = 30E99D93266A92EA001ACAAA /* JSHelper.swift */; };
		D7CC04FD2BFB352700C0B10A /* CaBotApp.swift in Sources */ = {isa = PBXBuildFile; fileRef = 30E50DCD269F75DB00729ABD /* CaBotApp.swift */; };
		D7CC04FF2BFB352700C0B10A /* ResourceManager.swift in Sources */ = {isa = PBXBuildFile; fileRef = 30E99D9126681097001ACAAA /* ResourceManager.swift */; };
		D7CC05002BFB352700C0B10A /* Extension.swift in Sources */ = {isa = PBXBuildFile; fileRef = 30E99D95266A993E001ACAAA /* Extension.swift */; };
		D7CC05012BFB352700C0B10A /* WebContentView.swift in Sources */ = {isa = PBXBuildFile; fileRef = 3013614626A1E77B0050CF9E /* WebContentView.swift */; };
		D7CC05022BFB352700C0B10A /* NavDeviceTTS.m in Sources */ = {isa = PBXBuildFile; fileRef = 7E29F062228B55C000CA7DD6 /* NavDeviceTTS.m */; };
		D7CC05042BFB352700C0B10A /* Logging.m in Sources */ = {isa = PBXBuildFile; fileRef = 7E51C38F2AABA88C0095945F /* Logging.m */; };
		D7CC05052BFB352700C0B10A /* RootView.swift in Sources */ = {isa = PBXBuildFile; fileRef = 30E50DD3269F77CE00729ABD /* RootView.swift */; };
		D7CC05062BFB352700C0B10A /* NavUtil.m in Sources */ = {isa = PBXBuildFile; fileRef = 7EF5F1E8228DB07100788987 /* NavUtil.m */; };
		D7CC05092BFB352700C0B10A /* RosWebView.swift in Sources */ = {isa = PBXBuildFile; fileRef = E561455E2A6E02A8005CF82F /* RosWebView.swift */; };
		D7CC050B2BFB352700C0B10A /* I18NExtension.swift in Sources */ = {isa = PBXBuildFile; fileRef = 7EDF3C4129D4776D00AD1115 /* I18NExtension.swift */; };
		D7CC050C2BFB352700C0B10A /* TTSHelper.swift in Sources */ = {isa = PBXBuildFile; fileRef = 3096BF1726A5D0990066F256 /* TTSHelper.swift */; };
		D7CC050E2BFB352700C0B10A /* CaBot.xcdatamodeld in Sources */ = {isa = PBXBuildFile; fileRef = 30E50DD9269F7E3800729ABD /* CaBot.xcdatamodeld */; };
		D7CC050F2BFB352700C0B10A /* CaBotServiceCommon.swift in Sources */ = {isa = PBXBuildFile; fileRef = 306069B529A686D9001FB5DB /* CaBotServiceCommon.swift */; };
		D7CC05102BFB352700C0B10A /* SystemStatusDetailView.swift in Sources */ = {isa = PBXBuildFile; fileRef = 308FCE2B27E42B7B009FCC7B /* SystemStatusDetailView.swift */; };
		D7CC05112BFB352700C0B10A /* SpokenTextView.swift in Sources */ = {isa = PBXBuildFile; fileRef = 7E8F5A1F2BA4D33800E5D547 /* SpokenTextView.swift */; };
		D7CC05132BFB352700C0B10A /* CaBotServiceBLE.swift in Sources */ = {isa = PBXBuildFile; fileRef = 7E29F070228B55FC00CA7DD6 /* CaBotServiceBLE.swift */; };
		D7CC05142BFB352700C0B10A /* TourManager.swift in Sources */ = {isa = PBXBuildFile; fileRef = 30E50DCB269F672800729ABD /* TourManager.swift */; };
		D7CC05152BFB352700C0B10A /* BatteryStatusView.swift in Sources */ = {isa = PBXBuildFile; fileRef = 308FCE2D27E62B30009FCC7B /* BatteryStatusView.swift */; };
		D7CC05162BFB352700C0B10A /* BeaconSampler.swift in Sources */ = {isa = PBXBuildFile; fileRef = 30E99DA3266B2216001ACAAA /* BeaconSampler.swift */; };
		D7CC05172BFB352700C0B10A /* StatusLabelStyle.swift in Sources */ = {isa = PBXBuildFile; fileRef = 308FCE2F27E81B7E009FCC7B /* StatusLabelStyle.swift */; };
		D7CC05182BFB352700C0B10A /* CaBotServiceTCP.swift in Sources */ = {isa = PBXBuildFile; fileRef = 09676780293727CE005CFA58 /* CaBotServiceTCP.swift */; };
		D7CC051B2BFB352700C0B10A /* Collections in Frameworks */ = {isa = PBXBuildFile; productRef = D7CC04EB2BFB352700C0B10A /* Collections */; };
		D7CC051C2BFB352700C0B10A /* Yams in Frameworks */ = {isa = PBXBuildFile; productRef = D7CC04E72BFB352700C0B10A /* Yams */; };
		D7CC051D2BFB352700C0B10A /* NavigationBackport in Frameworks */ = {isa = PBXBuildFile; productRef = D7CC04F12BFB352700C0B10A /* NavigationBackport */; };
		D7CC051E2BFB352700C0B10A /* Gzip in Frameworks */ = {isa = PBXBuildFile; productRef = D7CC04ED2BFB352700C0B10A /* Gzip */; };
		D7CC051F2BFB352700C0B10A /* SocketIO in Frameworks */ = {isa = PBXBuildFile; productRef = D7CC04EF2BFB352700C0B10A /* SocketIO */; };
		D7CC05202BFB352700C0B10A /* HLPDialog in Frameworks */ = {isa = PBXBuildFile; productRef = D7CC04E92BFB352700C0B10A /* HLPDialog */; };
		D7CC05232BFB352700C0B10A /* PreviewResource in Resources */ = {isa = PBXBuildFile; fileRef = 3013613F26A0BF590050CF9E /* PreviewResource */; };
		D7CC05242BFB352700C0B10A /* Assets.xcassets in Resources */ = {isa = PBXBuildFile; fileRef = 7E29F013228B548200CA7DD6 /* Assets.xcassets */; };
		D7CC05262BFB352700C0B10A /* Localizable.strings in Resources */ = {isa = PBXBuildFile; fileRef = 7E557EFE2581C79B00B1B9CA /* Localizable.strings */; };
		D7CC05272BFB352700C0B10A /* Resource in Resources */ = {isa = PBXBuildFile; fileRef = 3099132A265DE50A000C1BFE /* Resource */; };
		D7CC05332BFB3BF900C0B10A /* DestinationDetailView.swift in Sources */ = {isa = PBXBuildFile; fileRef = D7CC05322BFB3BF900C0B10A /* DestinationDetailView.swift */; };
		D7CC05352BFB419900C0B10A /* DestinationsView.swift in Sources */ = {isa = PBXBuildFile; fileRef = D7CC05342BFB419900C0B10A /* DestinationsView.swift */; };
		D7CC05382BFB688400C0B10A /* User-InfoPlist.strings in Resources */ = {isa = PBXBuildFile; fileRef = D7CC05362BFB688400C0B10A /* User-InfoPlist.strings */; };
		D7D7A6FB2BFECB490072ADF6 /* TourDetailView.swift in Sources */ = {isa = PBXBuildFile; fileRef = D7D7A6FA2BFECB490072ADF6 /* TourDetailView.swift */; };
		D7E54B522C0CD03A002FE3C4 /* MainMenuView.swift in Sources */ = {isa = PBXBuildFile; fileRef = D7E54B512C0CD03A002FE3C4 /* MainMenuView.swift */; };
		D7F6BE6E2C2A57C300CD8258 /* SettingView.swift in Sources */ = {isa = PBXBuildFile; fileRef = D7F6BE6D2C2A57C300CD8258 /* SettingView.swift */; };
		E561455F2A6E02A8005CF82F /* RosWebView.swift in Sources */ = {isa = PBXBuildFile; fileRef = E561455E2A6E02A8005CF82F /* RosWebView.swift */; };
/* End PBXBuildFile section */

/* Begin PBXContainerItemProxy section */
		7E29F01E228B548200CA7DD6 /* PBXContainerItemProxy */ = {
			isa = PBXContainerItemProxy;
			containerPortal = 7E29F001228B548100CA7DD6 /* Project object */;
			proxyType = 1;
			remoteGlobalIDString = 7E29F008228B548100CA7DD6;
			remoteInfo = CaBot;
		};
		7E29F029228B548200CA7DD6 /* PBXContainerItemProxy */ = {
			isa = PBXContainerItemProxy;
			containerPortal = 7E29F001228B548100CA7DD6 /* Project object */;
			proxyType = 1;
			remoteGlobalIDString = 7E29F008228B548100CA7DD6;
			remoteInfo = CaBot;
		};
/* End PBXContainerItemProxy section */

/* Begin PBXCopyFilesBuildPhase section */
		7EDE7C8929B5715800A65829 /* CopyFiles */ = {
			isa = PBXCopyFilesBuildPhase;
			buildActionMask = 12;
			dstPath = "";
			dstSubfolderSpec = 16;
			files = (
				7EDF3C4529D4901000AD1115 /* Resource in CopyFiles */,
				7EDF3C4429D48C3200AD1115 /* Localizable.strings in CopyFiles */,
			);
			runOnlyForDeploymentPostprocessing = 0;
		};
/* End PBXCopyFilesBuildPhase section */

/* Begin PBXFileReference section */
		09676780293727CE005CFA58 /* CaBotServiceTCP.swift */ = {isa = PBXFileReference; lastKnownFileType = sourcecode.swift; path = CaBotServiceTCP.swift; sourceTree = "<group>"; };
		09725B0924FE4AC300012D42 /* DialogViewControllerCabot.swift */ = {isa = PBXFileReference; lastKnownFileType = sourcecode.swift; path = DialogViewControllerCabot.swift; sourceTree = "<group>"; };
		097845C12531E65B004DE1F6 /* ja */ = {isa = PBXFileReference; lastKnownFileType = text.plist.strings; name = ja; path = "ja.lproj/Attend-InfoPlist.strings"; sourceTree = "<group>"; };
		097845C32531E685004DE1F6 /* en */ = {isa = PBXFileReference; lastKnownFileType = text.plist.strings; name = en; path = "en.lproj/Attend-InfoPlist.strings"; sourceTree = "<group>"; };
		0D05CB7A2D01DCF80077CAA1 /* DetailSettingView.swift */ = {isa = PBXFileReference; lastKnownFileType = sourcecode.swift; path = DetailSettingView.swift; sourceTree = "<group>"; };
		3013613F26A0BF590050CF9E /* PreviewResource */ = {isa = PBXFileReference; lastKnownFileType = folder; path = PreviewResource; sourceTree = "<group>"; };
		3013614226A0F8E10050CF9E /* TourDetailView.swift */ = {isa = PBXFileReference; lastKnownFileType = sourcecode.swift; path = TourDetailView.swift; sourceTree = "<group>"; };
		3013614626A1E77B0050CF9E /* WebContentView.swift */ = {isa = PBXFileReference; lastKnownFileType = sourcecode.swift; path = WebContentView.swift; sourceTree = "<group>"; };
		3013614A26A2262B0050CF9E /* en */ = {isa = PBXFileReference; lastKnownFileType = text.plist.strings; name = en; path = en.lproj/Localizable.strings; sourceTree = "<group>"; };
		306069B529A686D9001FB5DB /* CaBotServiceCommon.swift */ = {isa = PBXFileReference; lastKnownFileType = sourcecode.swift; path = CaBotServiceCommon.swift; sourceTree = "<group>"; };
		306A57DA265C4435006B510D /* Speech.framework */ = {isa = PBXFileReference; lastKnownFileType = wrapper.framework; name = Speech.framework; path = System/Library/Frameworks/Speech.framework; sourceTree = SDKROOT; };
		306A57DC265C4466006B510D /* AVFoundation.framework */ = {isa = PBXFileReference; lastKnownFileType = wrapper.framework; name = AVFoundation.framework; path = System/Library/Frameworks/AVFoundation.framework; sourceTree = SDKROOT; };
		306A57DE265C446B006B510D /* Foundation.framework */ = {isa = PBXFileReference; lastKnownFileType = wrapper.framework; name = Foundation.framework; path = System/Library/Frameworks/Foundation.framework; sourceTree = SDKROOT; };
		306A57E0265C4477006B510D /* UIKit.framework */ = {isa = PBXFileReference; lastKnownFileType = wrapper.framework; name = UIKit.framework; path = System/Library/Frameworks/UIKit.framework; sourceTree = SDKROOT; };
		308FCE1A27D8F4C8009FCC7B /* DeviceStatusView.swift */ = {isa = PBXFileReference; lastKnownFileType = sourcecode.swift; path = DeviceStatusView.swift; sourceTree = "<group>"; };
		308FCE1C27D8F4D3009FCC7B /* SystemStatusView.swift */ = {isa = PBXFileReference; lastKnownFileType = sourcecode.swift; path = SystemStatusView.swift; sourceTree = "<group>"; };
		308FCE2B27E42B7B009FCC7B /* SystemStatusDetailView.swift */ = {isa = PBXFileReference; lastKnownFileType = sourcecode.swift; path = SystemStatusDetailView.swift; sourceTree = "<group>"; };
		308FCE2D27E62B30009FCC7B /* BatteryStatusView.swift */ = {isa = PBXFileReference; fileEncoding = 4; lastKnownFileType = sourcecode.swift; path = BatteryStatusView.swift; sourceTree = "<group>"; };
		308FCE2F27E81B7E009FCC7B /* StatusLabelStyle.swift */ = {isa = PBXFileReference; lastKnownFileType = sourcecode.swift; path = StatusLabelStyle.swift; sourceTree = "<group>"; };
		3096BF1326A5C29F0066F256 /* SettingView.swift */ = {isa = PBXFileReference; lastKnownFileType = sourcecode.swift; path = SettingView.swift; sourceTree = "<group>"; };
		3096BF1726A5D0990066F256 /* TTSHelper.swift */ = {isa = PBXFileReference; lastKnownFileType = sourcecode.swift; path = TTSHelper.swift; sourceTree = "<group>"; };
		3099132A265DE50A000C1BFE /* Resource */ = {isa = PBXFileReference; lastKnownFileType = folder; path = Resource; sourceTree = "<group>"; };
		3099132C26603B10000C1BFE /* LocalConversation.swift */ = {isa = PBXFileReference; lastKnownFileType = sourcecode.swift; path = LocalConversation.swift; sourceTree = "<group>"; };
		30AFA57E2D00BCD0004AFA98 /* ChatViewModel.swift */ = {isa = PBXFileReference; fileEncoding = 4; lastKnownFileType = sourcecode.swift; path = ChatViewModel.swift; sourceTree = "<group>"; };
		30AFA57F2D00BCD0004AFA98 /* AppleSTT.swift */ = {isa = PBXFileReference; fileEncoding = 4; lastKnownFileType = sourcecode.swift; path = AppleSTT.swift; sourceTree = "<group>"; };
		30AFA5802D00BCD0004AFA98 /* LimitedArray.swift */ = {isa = PBXFileReference; fileEncoding = 4; lastKnownFileType = sourcecode.swift; path = LimitedArray.swift; sourceTree = "<group>"; };
		30AFA5812D00BCD0004AFA98 /* ChatConfiguration.swift */ = {isa = PBXFileReference; fileEncoding = 4; lastKnownFileType = sourcecode.swift; path = ChatConfiguration.swift; sourceTree = "<group>"; };
		30AFA5822D00BCD0004AFA98 /* ContentView.swift */ = {isa = PBXFileReference; fileEncoding = 4; lastKnownFileType = sourcecode.swift; path = ContentView.swift; sourceTree = "<group>"; };
		30AFA5832D00BCD0004AFA98 /* ChatClientOpenAI.swift */ = {isa = PBXFileReference; fileEncoding = 4; lastKnownFileType = sourcecode.swift; path = ChatClientOpenAI.swift; sourceTree = "<group>"; };
		30AFA5842D00BCD0004AFA98 /* PriorityQueueTTSWrapper.swift */ = {isa = PBXFileReference; fileEncoding = 4; lastKnownFileType = sourcecode.swift; path = PriorityQueueTTSWrapper.swift; sourceTree = "<group>"; };
		30AFA5862D00BCD0004AFA98 /* ChatSettingsView.swift */ = {isa = PBXFileReference; fileEncoding = 4; lastKnownFileType = sourcecode.swift; path = ChatSettingsView.swift; sourceTree = "<group>"; };
		30AFA5872D00BCD0004AFA98 /* SpeechRecognizer.swift */ = {isa = PBXFileReference; fileEncoding = 4; lastKnownFileType = sourcecode.swift; path = SpeechRecognizer.swift; sourceTree = "<group>"; };
		30C3059D26B9036A00A1383A /* DestinationDetailView.swift */ = {isa = PBXFileReference; lastKnownFileType = sourcecode.swift; path = DestinationDetailView.swift; sourceTree = "<group>"; };
		30E50DCB269F672800729ABD /* TourManager.swift */ = {isa = PBXFileReference; lastKnownFileType = sourcecode.swift; path = TourManager.swift; sourceTree = "<group>"; };
		30E50DCD269F75DB00729ABD /* CaBotApp.swift */ = {isa = PBXFileReference; lastKnownFileType = sourcecode.swift; path = CaBotApp.swift; sourceTree = "<group>"; };
		30E50DCF269F76F000729ABD /* CaBotAppModel.swift */ = {isa = PBXFileReference; lastKnownFileType = sourcecode.swift; path = CaBotAppModel.swift; sourceTree = "<group>"; };
		30E50DD3269F77CE00729ABD /* RootView.swift */ = {isa = PBXFileReference; fileEncoding = 4; lastKnownFileType = sourcecode.swift; path = RootView.swift; sourceTree = "<group>"; };
		30E50DD5269F784A00729ABD /* OnboardGrantAccess.swift */ = {isa = PBXFileReference; fileEncoding = 4; lastKnownFileType = sourcecode.swift; path = OnboardGrantAccess.swift; sourceTree = "<group>"; };
		30E50DD6269F784A00729ABD /* MainMenuView.swift */ = {isa = PBXFileReference; fileEncoding = 4; lastKnownFileType = sourcecode.swift; path = MainMenuView.swift; sourceTree = "<group>"; };
		30E50DDA269F7E3800729ABD /* CaBot.xcdatamodel */ = {isa = PBXFileReference; lastKnownFileType = wrapper.xcdatamodel; path = CaBot.xcdatamodel; sourceTree = "<group>"; };
		30E50DE126A0BA5200729ABD /* DestinationsView.swift */ = {isa = PBXFileReference; lastKnownFileType = sourcecode.swift; path = DestinationsView.swift; sourceTree = "<group>"; };
		30E50DE726A0BBE900729ABD /* ToursView.swift */ = {isa = PBXFileReference; lastKnownFileType = sourcecode.swift; path = ToursView.swift; sourceTree = "<group>"; };
		30E99D9126681097001ACAAA /* ResourceManager.swift */ = {isa = PBXFileReference; lastKnownFileType = sourcecode.swift; path = ResourceManager.swift; sourceTree = "<group>"; };
		30E99D93266A92EA001ACAAA /* JSHelper.swift */ = {isa = PBXFileReference; lastKnownFileType = sourcecode.swift; path = JSHelper.swift; sourceTree = "<group>"; };
		30E99D95266A993E001ACAAA /* Extension.swift */ = {isa = PBXFileReference; lastKnownFileType = sourcecode.swift; path = Extension.swift; sourceTree = "<group>"; };
		30E99DA3266B2216001ACAAA /* BeaconSampler.swift */ = {isa = PBXFileReference; lastKnownFileType = sourcecode.swift; path = BeaconSampler.swift; sourceTree = "<group>"; };
		458B54382A970B4A00AD9D10 /* LogFilesView.swift */ = {isa = PBXFileReference; lastKnownFileType = sourcecode.swift; path = LogFilesView.swift; sourceTree = "<group>"; };
		7E0995842BA510F500365136 /* NavCog3.pch */ = {isa = PBXFileReference; lastKnownFileType = sourcecode.c.h; path = NavCog3.pch; sourceTree = "<group>"; };
		7E29F009228B548100CA7DD6 /* CaBot-Attend.app */ = {isa = PBXFileReference; explicitFileType = wrapper.application; includeInIndex = 0; path = "CaBot-Attend.app"; sourceTree = BUILT_PRODUCTS_DIR; };
		7E29F013228B548200CA7DD6 /* Assets.xcassets */ = {isa = PBXFileReference; lastKnownFileType = folder.assetcatalog; path = Assets.xcassets; sourceTree = "<group>"; };
		7E29F018228B548200CA7DD6 /* Info.plist */ = {isa = PBXFileReference; lastKnownFileType = text.plist.xml; path = Info.plist; sourceTree = "<group>"; };
		7E29F01D228B548200CA7DD6 /* CaBotTests.xctest */ = {isa = PBXFileReference; explicitFileType = wrapper.cfbundle; includeInIndex = 0; path = CaBotTests.xctest; sourceTree = BUILT_PRODUCTS_DIR; };
		7E29F021228B548200CA7DD6 /* CaBotTests.swift */ = {isa = PBXFileReference; lastKnownFileType = sourcecode.swift; path = CaBotTests.swift; sourceTree = "<group>"; };
		7E29F023228B548200CA7DD6 /* Info.plist */ = {isa = PBXFileReference; lastKnownFileType = text.plist.xml; path = Info.plist; sourceTree = "<group>"; };
		7E29F028228B548200CA7DD6 /* CaBotUITests.xctest */ = {isa = PBXFileReference; explicitFileType = wrapper.cfbundle; includeInIndex = 0; path = CaBotUITests.xctest; sourceTree = BUILT_PRODUCTS_DIR; };
		7E29F02C228B548200CA7DD6 /* CaBotUITests.swift */ = {isa = PBXFileReference; lastKnownFileType = sourcecode.swift; path = CaBotUITests.swift; sourceTree = "<group>"; };
		7E29F02E228B548200CA7DD6 /* Info.plist */ = {isa = PBXFileReference; lastKnownFileType = text.plist.xml; path = Info.plist; sourceTree = "<group>"; };
		7E29F04C228B55C000CA7DD6 /* NavDeviceTTS.h */ = {isa = PBXFileReference; fileEncoding = 4; lastKnownFileType = sourcecode.c.h; path = NavDeviceTTS.h; sourceTree = "<group>"; };
		7E29F062228B55C000CA7DD6 /* NavDeviceTTS.m */ = {isa = PBXFileReference; fileEncoding = 4; lastKnownFileType = sourcecode.c.objc; path = NavDeviceTTS.m; sourceTree = "<group>"; };
		7E29F06F228B55FC00CA7DD6 /* bridging.h */ = {isa = PBXFileReference; fileEncoding = 4; lastKnownFileType = sourcecode.c.h; path = bridging.h; sourceTree = "<group>"; };
		7E29F070228B55FC00CA7DD6 /* CaBotServiceBLE.swift */ = {isa = PBXFileReference; fileEncoding = 4; lastKnownFileType = sourcecode.swift; path = CaBotServiceBLE.swift; sourceTree = "<group>"; };
		7E51C38E2AABA88C0095945F /* Logging.h */ = {isa = PBXFileReference; fileEncoding = 4; lastKnownFileType = sourcecode.c.h; path = Logging.h; sourceTree = "<group>"; };
		7E51C38F2AABA88C0095945F /* Logging.m */ = {isa = PBXFileReference; fileEncoding = 4; lastKnownFileType = sourcecode.c.objc; path = Logging.m; sourceTree = "<group>"; };
		7E557EFF2581C79B00B1B9CA /* Base */ = {isa = PBXFileReference; lastKnownFileType = text.plist.strings; name = Base; path = Base.lproj/Localizable.strings; sourceTree = "<group>"; };
		7E557F042581C80E00B1B9CA /* ja */ = {isa = PBXFileReference; lastKnownFileType = text.plist.strings; name = ja; path = ja.lproj/Localizable.strings; sourceTree = "<group>"; };
		7E8F5A1F2BA4D33800E5D547 /* SpokenTextView.swift */ = {isa = PBXFileReference; lastKnownFileType = sourcecode.swift; path = SpokenTextView.swift; sourceTree = "<group>"; };
		7E9690C229EAF25C0062DEBD /* DetailSettingView.swift */ = {isa = PBXFileReference; lastKnownFileType = sourcecode.swift; path = DetailSettingView.swift; sourceTree = "<group>"; };
		7ECCFD862CFB93BC00894970 /* SuitcaseFeatures.swift */ = {isa = PBXFileReference; lastKnownFileType = sourcecode.swift; path = SuitcaseFeatures.swift; sourceTree = "<group>"; };
		7EDE7C8529B428BB00A65829 /* data */ = {isa = PBXFileReference; lastKnownFileType = folder; path = data; sourceTree = "<group>"; };
		7EDE7C8B29B5715800A65829 /* CaBotTool */ = {isa = PBXFileReference; explicitFileType = "compiled.mach-o.executable"; includeInIndex = 0; path = CaBotTool; sourceTree = BUILT_PRODUCTS_DIR; };
		7EDE7C8D29B5715800A65829 /* ResourceChecker.swift */ = {isa = PBXFileReference; lastKnownFileType = sourcecode.swift; path = ResourceChecker.swift; sourceTree = "<group>"; };
		7EDF3C4129D4776D00AD1115 /* I18NExtension.swift */ = {isa = PBXFileReference; fileEncoding = 4; lastKnownFileType = sourcecode.swift; path = I18NExtension.swift; sourceTree = "<group>"; };
		7EF5F1E8228DB07100788987 /* NavUtil.m */ = {isa = PBXFileReference; fileEncoding = 4; lastKnownFileType = sourcecode.c.objc; path = NavUtil.m; sourceTree = "<group>"; };
		7EF5F1E9228DB07100788987 /* NavUtil.h */ = {isa = PBXFileReference; fileEncoding = 4; lastKnownFileType = sourcecode.c.h; path = NavUtil.h; sourceTree = "<group>"; };
		A056A36D2D8059DE0001FD38 /* zh-Hans */ = {isa = PBXFileReference; lastKnownFileType = text.plist.strings; name = "zh-Hans"; path = "zh-Hans.lproj/User-InfoPlist.strings"; sourceTree = "<group>"; };
		A056A36E2D8059DE0001FD38 /* zh-Hans */ = {isa = PBXFileReference; lastKnownFileType = text.plist.strings; name = "zh-Hans"; path = "zh-Hans.lproj/Attend-InfoPlist.strings"; sourceTree = "<group>"; };
		A056A36F2D8059DE0001FD38 /* zh-Hans */ = {isa = PBXFileReference; lastKnownFileType = text.plist.strings; name = "zh-Hans"; path = "zh-Hans.lproj/Localizable.strings"; sourceTree = "<group>"; };
		D7CC052B2BFB352700C0B10A /* CaBot-User.app */ = {isa = PBXFileReference; explicitFileType = wrapper.application; includeInIndex = 0; path = "CaBot-User.app"; sourceTree = BUILT_PRODUCTS_DIR; };
		D7CC05322BFB3BF900C0B10A /* DestinationDetailView.swift */ = {isa = PBXFileReference; fileEncoding = 4; lastKnownFileType = sourcecode.swift; path = DestinationDetailView.swift; sourceTree = "<group>"; };
		D7CC05342BFB419900C0B10A /* DestinationsView.swift */ = {isa = PBXFileReference; fileEncoding = 4; lastKnownFileType = sourcecode.swift; path = DestinationsView.swift; sourceTree = "<group>"; };
		D7CC05372BFB688400C0B10A /* en */ = {isa = PBXFileReference; lastKnownFileType = text.plist.strings; name = en; path = "en.lproj/User-InfoPlist.strings"; sourceTree = "<group>"; };
		D7CC05392BFB68BB00C0B10A /* ja */ = {isa = PBXFileReference; lastKnownFileType = text.plist.strings; name = ja; path = "ja.lproj/User-InfoPlist.strings"; sourceTree = "<group>"; };
		D7D7A6FA2BFECB490072ADF6 /* TourDetailView.swift */ = {isa = PBXFileReference; fileEncoding = 4; lastKnownFileType = sourcecode.swift; path = TourDetailView.swift; sourceTree = "<group>"; };
		D7E54B512C0CD03A002FE3C4 /* MainMenuView.swift */ = {isa = PBXFileReference; fileEncoding = 4; lastKnownFileType = sourcecode.swift; path = MainMenuView.swift; sourceTree = "<group>"; };
		D7F6BE6D2C2A57C300CD8258 /* SettingView.swift */ = {isa = PBXFileReference; fileEncoding = 4; lastKnownFileType = sourcecode.swift; path = SettingView.swift; sourceTree = "<group>"; };
		E561455E2A6E02A8005CF82F /* RosWebView.swift */ = {isa = PBXFileReference; lastKnownFileType = sourcecode.swift; path = RosWebView.swift; sourceTree = "<group>"; };
/* End PBXFileReference section */

/* Begin PBXFrameworksBuildPhase section */
		7E29F006228B548100CA7DD6 /* Frameworks */ = {
			isa = PBXFrameworksBuildPhase;
			buildActionMask = 2147483647;
			files = (
				308FCE2327D9014E009FCC7B /* Collections in Frameworks */,
				A97F30DF2CDDC9FA00BE5C43 /* PriorityQueueTTS in Frameworks */,
				306C7F6C265D435100E5928E /* Yams in Frameworks */,
				30AFA59E2D00BD4E004AFA98 /* ChatView in Frameworks */,
				306069B429A5E45D001FB5DB /* NavigationBackport in Frameworks */,
				308FCE2A27E12844009FCC7B /* Gzip in Frameworks */,
				0967677F29371BA0005CFA58 /* SocketIO in Frameworks */,
				30AFA5A32D00BDAB004AFA98 /* OpenAI in Frameworks */,
				3009AC3126AA3F4000370873 /* HLPDialog in Frameworks */,
			);
			runOnlyForDeploymentPostprocessing = 0;
		};
		7E29F01A228B548200CA7DD6 /* Frameworks */ = {
			isa = PBXFrameworksBuildPhase;
			buildActionMask = 2147483647;
			files = (
			);
			runOnlyForDeploymentPostprocessing = 0;
		};
		7E29F025228B548200CA7DD6 /* Frameworks */ = {
			isa = PBXFrameworksBuildPhase;
			buildActionMask = 2147483647;
			files = (
			);
			runOnlyForDeploymentPostprocessing = 0;
		};
		7EDE7C8829B5715800A65829 /* Frameworks */ = {
			isa = PBXFrameworksBuildPhase;
			buildActionMask = 2147483647;
			files = (
				7EDE7C9929B5803700A65829 /* Yams in Frameworks */,
				7EDE7C9629B5737C00A65829 /* ArgumentParser in Frameworks */,
			);
			runOnlyForDeploymentPostprocessing = 0;
		};
		D7CC051A2BFB352700C0B10A /* Frameworks */ = {
			isa = PBXFrameworksBuildPhase;
			buildActionMask = 2147483647;
			files = (
				D7CC051B2BFB352700C0B10A /* Collections in Frameworks */,
				A97F30E12CDDCA0D00BE5C43 /* PriorityQueueTTS in Frameworks */,
				D7CC051C2BFB352700C0B10A /* Yams in Frameworks */,
				30AFA5A02D00BD73004AFA98 /* ChatView in Frameworks */,
				D7CC051D2BFB352700C0B10A /* NavigationBackport in Frameworks */,
				D7CC051E2BFB352700C0B10A /* Gzip in Frameworks */,
				D7CC051F2BFB352700C0B10A /* SocketIO in Frameworks */,
				30AFA5A52D00BDB4004AFA98 /* OpenAI in Frameworks */,
				D7CC05202BFB352700C0B10A /* HLPDialog in Frameworks */,
			);
			runOnlyForDeploymentPostprocessing = 0;
		};
/* End PBXFrameworksBuildPhase section */

/* Begin PBXGroup section */
		3013613E26A0BE7E0050CF9E /* Preview Content */ = {
			isa = PBXGroup;
			children = (
				3013613F26A0BF590050CF9E /* PreviewResource */,
			);
			path = "Preview Content";
			sourceTree = "<group>";
		};
		30991329265DE4C5000C1BFE /* Supporting Files */ = {
			isa = PBXGroup;
			children = (
				7E29F013228B548200CA7DD6 /* Assets.xcassets */,
				7E29F06F228B55FC00CA7DD6 /* bridging.h */,
				7E29F018228B548200CA7DD6 /* Info.plist */,
				D7CC05362BFB688400C0B10A /* User-InfoPlist.strings */,
				097845C22531E65B004DE1F6 /* Attend-InfoPlist.strings */,
				7E557EFE2581C79B00B1B9CA /* Localizable.strings */,
				30E50DD9269F7E3800729ABD /* CaBot.xcdatamodeld */,
			);
			name = "Supporting Files";
			sourceTree = "<group>";
		};
		30AFA57D2D00BC93004AFA98 /* Chat */ = {
			isa = PBXGroup;
			children = (
				30AFA57F2D00BCD0004AFA98 /* AppleSTT.swift */,
				30AFA5832D00BCD0004AFA98 /* ChatClientOpenAI.swift */,
				30AFA5812D00BCD0004AFA98 /* ChatConfiguration.swift */,
				30AFA57E2D00BCD0004AFA98 /* ChatViewModel.swift */,
				30AFA5822D00BCD0004AFA98 /* ContentView.swift */,
				30AFA5802D00BCD0004AFA98 /* LimitedArray.swift */,
				30AFA5842D00BCD0004AFA98 /* PriorityQueueTTSWrapper.swift */,
				30AFA5862D00BCD0004AFA98 /* ChatSettingsView.swift */,
				30AFA5872D00BCD0004AFA98 /* SpeechRecognizer.swift */,
			);
			path = Chat;
			sourceTree = "<group>";
		};
		30E50DD2269F77BE00729ABD /* Views */ = {
			isa = PBXGroup;
			children = (
				3013613E26A0BE7E0050CF9E /* Preview Content */,
				D7CC05302BFB3ADE00C0B10A /* Attend */,
				D7CC05312BFB3B1A00C0B10A /* User */,
				30AFA57D2D00BC93004AFA98 /* Chat */,
				30E50DD3269F77CE00729ABD /* RootView.swift */,
				30E50DD5269F784A00729ABD /* OnboardGrantAccess.swift */,
				308FCE2D27E62B30009FCC7B /* BatteryStatusView.swift */,
				308FCE2B27E42B7B009FCC7B /* SystemStatusDetailView.swift */,
				308FCE2F27E81B7E009FCC7B /* StatusLabelStyle.swift */,
				09725B0924FE4AC300012D42 /* DialogViewControllerCabot.swift */,
				30E50DE726A0BBE900729ABD /* ToursView.swift */,
				3013614626A1E77B0050CF9E /* WebContentView.swift */,
				E561455E2A6E02A8005CF82F /* RosWebView.swift */,
				458B54382A970B4A00AD9D10 /* LogFilesView.swift */,
				7E8F5A1F2BA4D33800E5D547 /* SpokenTextView.swift */,
			);
			path = Views;
			sourceTree = "<group>";
		};
		7E29F000228B548100CA7DD6 = {
			isa = PBXGroup;
			children = (
				3099132A265DE50A000C1BFE /* Resource */,
				7E29F04B228B55C000CA7DD6 /* FromNavCog */,
				7E29F00B228B548100CA7DD6 /* CaBot */,
				7E29F020228B548200CA7DD6 /* CaBotTests */,
				7E29F02B228B548200CA7DD6 /* CaBotUITests */,
				7EDE7C8C29B5715800A65829 /* CaBotTool */,
				7E29F00A228B548100CA7DD6 /* Products */,
				7E29F073228B5B5A00CA7DD6 /* Frameworks */,
			);
			sourceTree = "<group>";
		};
		7E29F00A228B548100CA7DD6 /* Products */ = {
			isa = PBXGroup;
			children = (
				7E29F009228B548100CA7DD6 /* CaBot-Attend.app */,
				7E29F01D228B548200CA7DD6 /* CaBotTests.xctest */,
				7E29F028228B548200CA7DD6 /* CaBotUITests.xctest */,
				7EDE7C8B29B5715800A65829 /* CaBotTool */,
				D7CC052B2BFB352700C0B10A /* CaBot-User.app */,
			);
			name = Products;
			sourceTree = "<group>";
		};
		7E29F00B228B548100CA7DD6 /* CaBot */ = {
			isa = PBXGroup;
			children = (
				30991329265DE4C5000C1BFE /* Supporting Files */,
				30E50DCD269F75DB00729ABD /* CaBotApp.swift */,
				30E50DCF269F76F000729ABD /* CaBotAppModel.swift */,
				7ECCFD852CFB939800894970 /* Models */,
				30E50DD2269F77BE00729ABD /* Views */,
				30E99D95266A993E001ACAAA /* Extension.swift */,
				7EDF3C4129D4776D00AD1115 /* I18NExtension.swift */,
				306069B529A686D9001FB5DB /* CaBotServiceCommon.swift */,
				7E29F070228B55FC00CA7DD6 /* CaBotServiceBLE.swift */,
				09676780293727CE005CFA58 /* CaBotServiceTCP.swift */,
				3099132C26603B10000C1BFE /* LocalConversation.swift */,
				30E99D9126681097001ACAAA /* ResourceManager.swift */,
				30E99D93266A92EA001ACAAA /* JSHelper.swift */,
				30E99DA3266B2216001ACAAA /* BeaconSampler.swift */,
				30E50DCB269F672800729ABD /* TourManager.swift */,
				3096BF1726A5D0990066F256 /* TTSHelper.swift */,
			);
			path = CaBot;
			sourceTree = "<group>";
		};
		7E29F020228B548200CA7DD6 /* CaBotTests */ = {
			isa = PBXGroup;
			children = (
				7EDE7C8529B428BB00A65829 /* data */,
				7E29F021228B548200CA7DD6 /* CaBotTests.swift */,
				7E29F023228B548200CA7DD6 /* Info.plist */,
			);
			path = CaBotTests;
			sourceTree = "<group>";
		};
		7E29F02B228B548200CA7DD6 /* CaBotUITests */ = {
			isa = PBXGroup;
			children = (
				7E29F02C228B548200CA7DD6 /* CaBotUITests.swift */,
				7E29F02E228B548200CA7DD6 /* Info.plist */,
			);
			path = CaBotUITests;
			sourceTree = "<group>";
		};
		7E29F04B228B55C000CA7DD6 /* FromNavCog */ = {
			isa = PBXGroup;
			children = (
				7E0995842BA510F500365136 /* NavCog3.pch */,
				7E51C38E2AABA88C0095945F /* Logging.h */,
				7E51C38F2AABA88C0095945F /* Logging.m */,
				7E29F04C228B55C000CA7DD6 /* NavDeviceTTS.h */,
				7E29F062228B55C000CA7DD6 /* NavDeviceTTS.m */,
				7EF5F1E9228DB07100788987 /* NavUtil.h */,
				7EF5F1E8228DB07100788987 /* NavUtil.m */,
			);
			path = FromNavCog;
			sourceTree = "<group>";
		};
		7E29F073228B5B5A00CA7DD6 /* Frameworks */ = {
			isa = PBXGroup;
			children = (
				306A57E0265C4477006B510D /* UIKit.framework */,
				306A57DE265C446B006B510D /* Foundation.framework */,
				306A57DC265C4466006B510D /* AVFoundation.framework */,
				306A57DA265C4435006B510D /* Speech.framework */,
			);
			name = Frameworks;
			sourceTree = "<group>";
		};
		7ECCFD852CFB939800894970 /* Models */ = {
			isa = PBXGroup;
			children = (
				7ECCFD862CFB93BC00894970 /* SuitcaseFeatures.swift */,
			);
			path = Models;
			sourceTree = "<group>";
		};
		7EDE7C8C29B5715800A65829 /* CaBotTool */ = {
			isa = PBXGroup;
			children = (
				7EDE7C8D29B5715800A65829 /* ResourceChecker.swift */,
			);
			path = CaBotTool;
			sourceTree = "<group>";
		};
		D7CC05302BFB3ADE00C0B10A /* Attend */ = {
			isa = PBXGroup;
			children = (
				30E50DE126A0BA5200729ABD /* DestinationsView.swift */,
				30C3059D26B9036A00A1383A /* DestinationDetailView.swift */,
				308FCE1A27D8F4C8009FCC7B /* DeviceStatusView.swift */,
				30E50DD6269F784A00729ABD /* MainMenuView.swift */,
				3096BF1326A5C29F0066F256 /* SettingView.swift */,
				308FCE1C27D8F4D3009FCC7B /* SystemStatusView.swift */,
				3013614226A0F8E10050CF9E /* TourDetailView.swift */,
				7E9690C229EAF25C0062DEBD /* DetailSettingView.swift */,
			);
			path = Attend;
			sourceTree = "<group>";
		};
		D7CC05312BFB3B1A00C0B10A /* User */ = {
			isa = PBXGroup;
			children = (
				D7CC05342BFB419900C0B10A /* DestinationsView.swift */,
				D7CC05322BFB3BF900C0B10A /* DestinationDetailView.swift */,
				D7E54B512C0CD03A002FE3C4 /* MainMenuView.swift */,
				D7F6BE6D2C2A57C300CD8258 /* SettingView.swift */,
				D7D7A6FA2BFECB490072ADF6 /* TourDetailView.swift */,
				0D05CB7A2D01DCF80077CAA1 /* DetailSettingView.swift */,
			);
			path = User;
			sourceTree = "<group>";
		};
/* End PBXGroup section */

/* Begin PBXNativeTarget section */
		7E29F008228B548100CA7DD6 /* CaBot-Attend */ = {
			isa = PBXNativeTarget;
			buildConfigurationList = 7E29F031228B548200CA7DD6 /* Build configuration list for PBXNativeTarget "CaBot-Attend" */;
			buildPhases = (
				7E29F005228B548100CA7DD6 /* Sources */,
				7E29F006228B548100CA7DD6 /* Frameworks */,
				E5FD56542A835D56008237DC /* ShellScript */,
				7E29F007228B548100CA7DD6 /* Resources */,
			);
			buildRules = (
			);
			dependencies = (
			);
			name = "CaBot-Attend";
			packageProductDependencies = (
				306C7F6B265D435100E5928E /* Yams */,
				3009AC3026AA3F4000370873 /* HLPDialog */,
				308FCE2227D9014E009FCC7B /* Collections */,
				308FCE2927E12844009FCC7B /* Gzip */,
				0967677E29371BA0005CFA58 /* SocketIO */,
				306069B329A5E45D001FB5DB /* NavigationBackport */,
				A97F30DE2CDDC9FA00BE5C43 /* PriorityQueueTTS */,
				30AFA59D2D00BD4E004AFA98 /* ChatView */,
				30AFA5A22D00BDAB004AFA98 /* OpenAI */,
			);
			productName = CaBot;
			productReference = 7E29F009228B548100CA7DD6 /* CaBot-Attend.app */;
			productType = "com.apple.product-type.application";
		};
		7E29F01C228B548200CA7DD6 /* CaBotTests */ = {
			isa = PBXNativeTarget;
			buildConfigurationList = 7E29F034228B548200CA7DD6 /* Build configuration list for PBXNativeTarget "CaBotTests" */;
			buildPhases = (
				7E29F019228B548200CA7DD6 /* Sources */,
				7E29F01A228B548200CA7DD6 /* Frameworks */,
				7E29F01B228B548200CA7DD6 /* Resources */,
			);
			buildRules = (
			);
			dependencies = (
				7E29F01F228B548200CA7DD6 /* PBXTargetDependency */,
			);
			name = CaBotTests;
			productName = CaBotTests;
			productReference = 7E29F01D228B548200CA7DD6 /* CaBotTests.xctest */;
			productType = "com.apple.product-type.bundle.unit-test";
		};
		7E29F027228B548200CA7DD6 /* CaBotUITests */ = {
			isa = PBXNativeTarget;
			buildConfigurationList = 7E29F037228B548200CA7DD6 /* Build configuration list for PBXNativeTarget "CaBotUITests" */;
			buildPhases = (
				7E29F024228B548200CA7DD6 /* Sources */,
				7E29F025228B548200CA7DD6 /* Frameworks */,
				7E29F026228B548200CA7DD6 /* Resources */,
			);
			buildRules = (
			);
			dependencies = (
				7E29F02A228B548200CA7DD6 /* PBXTargetDependency */,
			);
			name = CaBotUITests;
			productName = CaBotUITests;
			productReference = 7E29F028228B548200CA7DD6 /* CaBotUITests.xctest */;
			productType = "com.apple.product-type.bundle.ui-testing";
		};
		7EDE7C8A29B5715800A65829 /* CaBotTool */ = {
			isa = PBXNativeTarget;
			buildConfigurationList = 7EDE7C8F29B5715800A65829 /* Build configuration list for PBXNativeTarget "CaBotTool" */;
			buildPhases = (
				7EDE7C8729B5715800A65829 /* Sources */,
				7EDE7C8829B5715800A65829 /* Frameworks */,
				7EDE7C8929B5715800A65829 /* CopyFiles */,
			);
			buildRules = (
			);
			dependencies = (
			);
			name = CaBotTool;
			packageProductDependencies = (
				7EDE7C9529B5737C00A65829 /* ArgumentParser */,
				7EDE7C9829B5803700A65829 /* Yams */,
			);
			productName = CaBotTool;
			productReference = 7EDE7C8B29B5715800A65829 /* CaBotTool */;
			productType = "com.apple.product-type.tool";
		};
		D7CC04E62BFB352700C0B10A /* CaBot-User */ = {
			isa = PBXNativeTarget;
			buildConfigurationList = D7CC05282BFB352700C0B10A /* Build configuration list for PBXNativeTarget "CaBot-User" */;
			buildPhases = (
				D7CC04F32BFB352700C0B10A /* Sources */,
				D7CC051A2BFB352700C0B10A /* Frameworks */,
				D7CC05212BFB352700C0B10A /* ShellScript */,
				D7CC05222BFB352700C0B10A /* Resources */,
				E46C82662C182BB200917AB3 /* ShellScript */,
			);
			buildRules = (
			);
			dependencies = (
			);
			name = "CaBot-User";
			packageProductDependencies = (
				D7CC04E72BFB352700C0B10A /* Yams */,
				D7CC04E92BFB352700C0B10A /* HLPDialog */,
				D7CC04EB2BFB352700C0B10A /* Collections */,
				D7CC04ED2BFB352700C0B10A /* Gzip */,
				D7CC04EF2BFB352700C0B10A /* SocketIO */,
				D7CC04F12BFB352700C0B10A /* NavigationBackport */,
				A97F30E02CDDCA0D00BE5C43 /* PriorityQueueTTS */,
				30AFA59F2D00BD73004AFA98 /* ChatView */,
				30AFA5A42D00BDB4004AFA98 /* OpenAI */,
			);
			productName = CaBot;
			productReference = D7CC052B2BFB352700C0B10A /* CaBot-User.app */;
			productType = "com.apple.product-type.application";
		};
/* End PBXNativeTarget section */

/* Begin PBXProject section */
		7E29F001228B548100CA7DD6 /* Project object */ = {
			isa = PBXProject;
			attributes = {
				LastSwiftUpdateCheck = 1420;
				LastUpgradeCheck = 1250;
				ORGANIZATIONNAME = "Carnegie Mellon University";
				TargetAttributes = {
					7E29F008228B548100CA7DD6 = {
						CreatedOnToolsVersion = 10.2.1;
					};
					7E29F01C228B548200CA7DD6 = {
						CreatedOnToolsVersion = 10.2.1;
						TestTargetID = 7E29F008228B548100CA7DD6;
					};
					7E29F027228B548200CA7DD6 = {
						CreatedOnToolsVersion = 10.2.1;
						TestTargetID = 7E29F008228B548100CA7DD6;
					};
					7EDE7C8A29B5715800A65829 = {
						CreatedOnToolsVersion = 14.2;
					};
				};
			};
			buildConfigurationList = 7E29F004228B548100CA7DD6 /* Build configuration list for PBXProject "CaBot" */;
			compatibilityVersion = "Xcode 9.3";
			developmentRegion = en;
			hasScannedForEncodings = 0;
			knownRegions = (
				en,
				Base,
				ja,
				"en-US",
				"zh-Hans",
			);
			mainGroup = 7E29F000228B548100CA7DD6;
			packageReferences = (
				306C7F6A265D435100E5928E /* XCRemoteSwiftPackageReference "Yams" */,
				3009AC2F26AA3F4000370873 /* XCRemoteSwiftPackageReference "HLPDialog" */,
				308FCE2127D9014E009FCC7B /* XCRemoteSwiftPackageReference "swift-collections" */,
				308FCE2827E12844009FCC7B /* XCRemoteSwiftPackageReference "GzipSwift" */,
				0967677D29371B9F005CFA58 /* XCRemoteSwiftPackageReference "socket" */,
				306069B229A5E45D001FB5DB /* XCRemoteSwiftPackageReference "NavigationBackport" */,
				7EDE7C9229B5733D00A65829 /* XCRemoteSwiftPackageReference "swift-argument-parser" */,
				A97F30DD2CDDC9FA00BE5C43 /* XCRemoteSwiftPackageReference "PriorityQueueTTS" */,
				30AFA59C2D00BD4E004AFA98 /* XCRemoteSwiftPackageReference "ChatView" */,
				30AFA5A12D00BDAB004AFA98 /* XCRemoteSwiftPackageReference "OpenAI" */,
			);
			productRefGroup = 7E29F00A228B548100CA7DD6 /* Products */;
			projectDirPath = "";
			projectRoot = "";
			targets = (
				7E29F008228B548100CA7DD6 /* CaBot-Attend */,
				D7CC04E62BFB352700C0B10A /* CaBot-User */,
				7E29F01C228B548200CA7DD6 /* CaBotTests */,
				7E29F027228B548200CA7DD6 /* CaBotUITests */,
				7EDE7C8A29B5715800A65829 /* CaBotTool */,
			);
		};
/* End PBXProject section */

/* Begin PBXResourcesBuildPhase section */
		7E29F007228B548100CA7DD6 /* Resources */ = {
			isa = PBXResourcesBuildPhase;
			buildActionMask = 2147483647;
			files = (
				3013614026A0BF590050CF9E /* PreviewResource in Resources */,
				7E29F014228B548200CA7DD6 /* Assets.xcassets in Resources */,
				097845C02531E65B004DE1F6 /* Attend-InfoPlist.strings in Resources */,
				7E557F002581C79B00B1B9CA /* Localizable.strings in Resources */,
				3099132B265DE50A000C1BFE /* Resource in Resources */,
			);
			runOnlyForDeploymentPostprocessing = 0;
		};
		7E29F01B228B548200CA7DD6 /* Resources */ = {
			isa = PBXResourcesBuildPhase;
			buildActionMask = 2147483647;
			files = (
				7EDE7C8629B428BB00A65829 /* data in Resources */,
			);
			runOnlyForDeploymentPostprocessing = 0;
		};
		7E29F026228B548200CA7DD6 /* Resources */ = {
			isa = PBXResourcesBuildPhase;
			buildActionMask = 2147483647;
			files = (
			);
			runOnlyForDeploymentPostprocessing = 0;
		};
		D7CC05222BFB352700C0B10A /* Resources */ = {
			isa = PBXResourcesBuildPhase;
			buildActionMask = 2147483647;
			files = (
				D7CC05232BFB352700C0B10A /* PreviewResource in Resources */,
				D7CC05242BFB352700C0B10A /* Assets.xcassets in Resources */,
				D7CC05382BFB688400C0B10A /* User-InfoPlist.strings in Resources */,
				D7CC05262BFB352700C0B10A /* Localizable.strings in Resources */,
				D7CC05272BFB352700C0B10A /* Resource in Resources */,
			);
			runOnlyForDeploymentPostprocessing = 0;
		};
/* End PBXResourcesBuildPhase section */

/* Begin PBXShellScriptBuildPhase section */
		D7CC05212BFB352700C0B10A /* ShellScript */ = {
			isa = PBXShellScriptBuildPhase;
			alwaysOutOfDate = 1;
			buildActionMask = 2147483647;
			files = (
			);
			inputFileListPaths = (
			);
			inputPaths = (
			);
			outputFileListPaths = (
			);
			outputPaths = (
			);
			runOnlyForDeploymentPostprocessing = 0;
			shellPath = /bin/sh;
			shellScript = "# Type a script or drag a script file from your workspace to insert its path.\nTHREE_JS=${TEMP_DIR}/three.min.js\ncurl -o $THREE_JS https://cdn.jsdelivr.net/npm/three@0.89.0/build/three.min.js\ncp -f $THREE_JS ${SRCROOT}/Resource/localserver/js/\n\nEVENTEMITTER2_JS=${TEMP_DIR}/eventemitter2.min.js\ncurl -o $EVENTEMITTER2_JS https://cdn.jsdelivr.net/npm/eventemitter2@6.4/lib/eventemitter2.min.js\ncp -f $EVENTEMITTER2_JS ${SRCROOT}/Resource/localserver/js/\n\nROSLIB_JS=${TEMP_DIR}/roslib.js\n# curl -o $ROSLIB_JS https://cdn.jsdelivr.net/npm/roslib@1/build/roslib.js\ncurl -o $ROSLIB_JS https://raw.githubusercontent.com/CMU-cabot/roslibjs/cabot-dev/build/roslib.js\ncp -f $ROSLIB_JS ${SRCROOT}/Resource/localserver/js/\n\nROS3D_JS=${TEMP_DIR}/ros3d.min.js\ncurl -o $ROS3D_JS https://raw.githubusercontent.com/CMU-cabot/ros3djs/cabot-ros2/build/ros3d.min.js\ncp -f $ROS3D_JS ${SRCROOT}/Resource/localserver/js/\n\nfor lang in en.lproj ja.lproj; do\n    mkdir -p \"${BUILT_PRODUCTS_DIR}/${PRODUCT_NAME}.app/${lang}\"\n    cp \"${SRCROOT}/CaBot/${lang}/User-InfoPlist.strings\" \"${BUILT_PRODUCTS_DIR}/${PRODUCT_NAME}.app/${lang}/InfoPlist.strings\"\ndone\n\ngit_commit=$(git rev-parse --short HEAD)\n/usr/libexec/PlistBuddy -c \"Set :GitCommitHash ${git_commit}\" \"${TARGET_BUILD_DIR}/${INFOPLIST_PATH}\"\n";
		};
		E46C82662C182BB200917AB3 /* ShellScript */ = {
			isa = PBXShellScriptBuildPhase;
			buildActionMask = 2147483647;
			files = (
			);
			inputFileListPaths = (
			);
			inputPaths = (
			);
			outputFileListPaths = (
			);
			outputPaths = (
			);
			runOnlyForDeploymentPostprocessing = 0;
			shellPath = /bin/sh;
			shellScript = "# Type a script or drag a script file from your workspace to insert its path.\n";
		};
		E5FD56542A835D56008237DC /* ShellScript */ = {
			isa = PBXShellScriptBuildPhase;
			alwaysOutOfDate = 1;
			buildActionMask = 2147483647;
			files = (
			);
			inputFileListPaths = (
			);
			inputPaths = (
			);
			outputFileListPaths = (
			);
			outputPaths = (
			);
			runOnlyForDeploymentPostprocessing = 0;
			shellPath = /bin/sh;
			shellScript = "# Type a script or drag a script file from your workspace to insert its path.\nTHREE_JS=${TEMP_DIR}/three.min.js\ncurl -o $THREE_JS https://cdn.jsdelivr.net/npm/three@0.89.0/build/three.min.js\ncp -f $THREE_JS ${SRCROOT}/Resource/localserver/js/\n\nEVENTEMITTER2_JS=${TEMP_DIR}/eventemitter2.min.js\ncurl -o $EVENTEMITTER2_JS https://cdn.jsdelivr.net/npm/eventemitter2@6.4/lib/eventemitter2.min.js\ncp -f $EVENTEMITTER2_JS ${SRCROOT}/Resource/localserver/js/\n\nROSLIB_JS=${TEMP_DIR}/roslib.js\n# curl -o $ROSLIB_JS https://cdn.jsdelivr.net/npm/roslib@1/build/roslib.js\ncurl -o $ROSLIB_JS https://raw.githubusercontent.com/CMU-cabot/roslibjs/cabot-dev/build/roslib.js\ncp -f $ROSLIB_JS ${SRCROOT}/Resource/localserver/js/\n\nROS3D_JS=${TEMP_DIR}/ros3d.min.js\ncurl -o $ROS3D_JS https://raw.githubusercontent.com/CMU-cabot/ros3djs/cabot-ros2/build/ros3d.min.js\ncp -f $ROS3D_JS ${SRCROOT}/Resource/localserver/js/\n\nfor lang in en.lproj ja.lproj; do\n    mkdir -p \"${BUILT_PRODUCTS_DIR}/${PRODUCT_NAME}.app/${lang}\"\n    cp \"${SRCROOT}/CaBot/${lang}/Attend-InfoPlist.strings\" \"${BUILT_PRODUCTS_DIR}/${PRODUCT_NAME}.app/${lang}/InfoPlist.strings\"\ndone\n\ngit_commit=$(git rev-parse --short HEAD)\n/usr/libexec/PlistBuddy -c \"Set :GitCommitHash ${git_commit}\" \"${TARGET_BUILD_DIR}/${INFOPLIST_PATH}\"\n";
		};
/* End PBXShellScriptBuildPhase section */

/* Begin PBXSourcesBuildPhase section */
		7E29F005228B548100CA7DD6 /* Sources */ = {
			isa = PBXSourcesBuildPhase;
			buildActionMask = 2147483647;
			files = (
				09725B0A24FE4AC300012D42 /* DialogViewControllerCabot.swift in Sources */,
				458B54392A970B4A00AD9D10 /* LogFilesView.swift in Sources */,
				30AFA58E2D00BCD0004AFA98 /* ChatConfiguration.swift in Sources */,
				30E50DD0269F76F000729ABD /* CaBotAppModel.swift in Sources */,
				30E50DD7269F784A00729ABD /* OnboardGrantAccess.swift in Sources */,
				7E9690C329EAF25C0062DEBD /* DetailSettingView.swift in Sources */,
				30AFA58A2D00BCD0004AFA98 /* AppleSTT.swift in Sources */,
				30E50DE226A0BA5200729ABD /* DestinationsView.swift in Sources */,
				30AFA5982D00BCD0004AFA98 /* ChatSettingsView.swift in Sources */,
				3099132D26603B10000C1BFE /* LocalConversation.swift in Sources */,
				30E50DE826A0BBE900729ABD /* ToursView.swift in Sources */,
				30E99D94266A92EA001ACAAA /* JSHelper.swift in Sources */,
				30E50DCE269F75DB00729ABD /* CaBotApp.swift in Sources */,
				308FCE1B27D8F4C8009FCC7B /* DeviceStatusView.swift in Sources */,
				30AFA5942D00BCD0004AFA98 /* PriorityQueueTTSWrapper.swift in Sources */,
				30E99D9226681097001ACAAA /* ResourceManager.swift in Sources */,
				30E99D96266A993E001ACAAA /* Extension.swift in Sources */,
				7ECCFD872CFB93BC00894970 /* SuitcaseFeatures.swift in Sources */,
				3013614726A1E77B0050CF9E /* WebContentView.swift in Sources */,
				7E29F06D228B55C000CA7DD6 /* NavDeviceTTS.m in Sources */,
				3013614326A0F8E10050CF9E /* TourDetailView.swift in Sources */,
				7E51C3902AABA88C0095945F /* Logging.m in Sources */,
				30AFA5882D00BCD0004AFA98 /* ChatViewModel.swift in Sources */,
				30E50DD4269F77CE00729ABD /* RootView.swift in Sources */,
				7EF5F1EA228DB07100788987 /* NavUtil.m in Sources */,
				3096BF1426A5C29F0066F256 /* SettingView.swift in Sources */,
				E561455F2A6E02A8005CF82F /* RosWebView.swift in Sources */,
				30E50DD8269F784A00729ABD /* MainMenuView.swift in Sources */,
				30AFA58C2D00BCD0004AFA98 /* LimitedArray.swift in Sources */,
				30AFA5922D00BCD0004AFA98 /* ChatClientOpenAI.swift in Sources */,
				7EDF3C4229D4776D00AD1115 /* I18NExtension.swift in Sources */,
				3096BF1826A5D0990066F256 /* TTSHelper.swift in Sources */,
				308FCE1D27D8F4D3009FCC7B /* SystemStatusView.swift in Sources */,
				30E50DDB269F7E3800729ABD /* CaBot.xcdatamodeld in Sources */,
				306069B629A686D9001FB5DB /* CaBotServiceCommon.swift in Sources */,
				308FCE2C27E42B7B009FCC7B /* SystemStatusDetailView.swift in Sources */,
				30AFA5902D00BCD0004AFA98 /* ContentView.swift in Sources */,
				7E8F5A202BA4D33800E5D547 /* SpokenTextView.swift in Sources */,
				7E29F072228B55FC00CA7DD6 /* CaBotServiceBLE.swift in Sources */,
				30AFA59A2D00BCD0004AFA98 /* SpeechRecognizer.swift in Sources */,
				30E50DCC269F672800729ABD /* TourManager.swift in Sources */,
				308FCE2E27E62B30009FCC7B /* BatteryStatusView.swift in Sources */,
				30E99DA4266B2216001ACAAA /* BeaconSampler.swift in Sources */,
				308FCE3027E81B7E009FCC7B /* StatusLabelStyle.swift in Sources */,
				09676781293727CE005CFA58 /* CaBotServiceTCP.swift in Sources */,
				30C3059E26B9036A00A1383A /* DestinationDetailView.swift in Sources */,
			);
			runOnlyForDeploymentPostprocessing = 0;
		};
		7E29F019228B548200CA7DD6 /* Sources */ = {
			isa = PBXSourcesBuildPhase;
			buildActionMask = 2147483647;
			files = (
				7E29F022228B548200CA7DD6 /* CaBotTests.swift in Sources */,
			);
			runOnlyForDeploymentPostprocessing = 0;
		};
		7E29F024228B548200CA7DD6 /* Sources */ = {
			isa = PBXSourcesBuildPhase;
			buildActionMask = 2147483647;
			files = (
				7E29F02D228B548200CA7DD6 /* CaBotUITests.swift in Sources */,
			);
			runOnlyForDeploymentPostprocessing = 0;
		};
		7EDE7C8729B5715800A65829 /* Sources */ = {
			isa = PBXSourcesBuildPhase;
			buildActionMask = 2147483647;
			files = (
				7EDF3C4329D4783900AD1115 /* I18NExtension.swift in Sources */,
				7EDE7C9729B5802200A65829 /* ResourceManager.swift in Sources */,
				7EDE7C8E29B5715800A65829 /* ResourceChecker.swift in Sources */,
			);
			runOnlyForDeploymentPostprocessing = 0;
		};
		D7CC04F32BFB352700C0B10A /* Sources */ = {
			isa = PBXSourcesBuildPhase;
			buildActionMask = 2147483647;
			files = (
				7ECCFD882CFB940100894970 /* SuitcaseFeatures.swift in Sources */,
				30AFA5992D00BCD0004AFA98 /* ChatSettingsView.swift in Sources */,
				D7E54B522C0CD03A002FE3C4 /* MainMenuView.swift in Sources */,
				30AFA5912D00BCD0004AFA98 /* ContentView.swift in Sources */,
				D7CC04F42BFB352700C0B10A /* DialogViewControllerCabot.swift in Sources */,
				D7CC04F52BFB352700C0B10A /* LogFilesView.swift in Sources */,
				D7CC04F62BFB352700C0B10A /* CaBotAppModel.swift in Sources */,
				D7CC04F72BFB352700C0B10A /* OnboardGrantAccess.swift in Sources */,
				D7CC05332BFB3BF900C0B10A /* DestinationDetailView.swift in Sources */,
				D7CC04FA2BFB352700C0B10A /* LocalConversation.swift in Sources */,
				D7CC05352BFB419900C0B10A /* DestinationsView.swift in Sources */,
				D7CC04FB2BFB352700C0B10A /* ToursView.swift in Sources */,
				30AFA59B2D00BCD0004AFA98 /* SpeechRecognizer.swift in Sources */,
				D7CC04FC2BFB352700C0B10A /* JSHelper.swift in Sources */,
				D7CC04FD2BFB352700C0B10A /* CaBotApp.swift in Sources */,
				D7CC04FF2BFB352700C0B10A /* ResourceManager.swift in Sources */,
				D7CC05002BFB352700C0B10A /* Extension.swift in Sources */,
				D7CC05012BFB352700C0B10A /* WebContentView.swift in Sources */,
				0D05CB7B2D01DCF80077CAA1 /* DetailSettingView.swift in Sources */,
				D7CC05022BFB352700C0B10A /* NavDeviceTTS.m in Sources */,
				D7CC05042BFB352700C0B10A /* Logging.m in Sources */,
				D7CC05052BFB352700C0B10A /* RootView.swift in Sources */,
				D7CC05062BFB352700C0B10A /* NavUtil.m in Sources */,
				D7D7A6FB2BFECB490072ADF6 /* TourDetailView.swift in Sources */,
				30AFA58B2D00BCD0004AFA98 /* AppleSTT.swift in Sources */,
				D7F6BE6E2C2A57C300CD8258 /* SettingView.swift in Sources */,
				D7CC05092BFB352700C0B10A /* RosWebView.swift in Sources */,
				D7CC050B2BFB352700C0B10A /* I18NExtension.swift in Sources */,
				D7CC050C2BFB352700C0B10A /* TTSHelper.swift in Sources */,
				D7CC050E2BFB352700C0B10A /* CaBot.xcdatamodeld in Sources */,
				D7CC050F2BFB352700C0B10A /* CaBotServiceCommon.swift in Sources */,
				30AFA58F2D00BCD0004AFA98 /* ChatConfiguration.swift in Sources */,
				D7CC05102BFB352700C0B10A /* SystemStatusDetailView.swift in Sources */,
				D7CC05112BFB352700C0B10A /* SpokenTextView.swift in Sources */,
				30AFA5892D00BCD0004AFA98 /* ChatViewModel.swift in Sources */,
				D7CC05132BFB352700C0B10A /* CaBotServiceBLE.swift in Sources */,
				D7CC05142BFB352700C0B10A /* TourManager.swift in Sources */,
				D7CC05152BFB352700C0B10A /* BatteryStatusView.swift in Sources */,
				30AFA58D2D00BCD0004AFA98 /* LimitedArray.swift in Sources */,
				D7CC05162BFB352700C0B10A /* BeaconSampler.swift in Sources */,
				D7CC05172BFB352700C0B10A /* StatusLabelStyle.swift in Sources */,
				D7CC05182BFB352700C0B10A /* CaBotServiceTCP.swift in Sources */,
				30AFA5932D00BCD0004AFA98 /* ChatClientOpenAI.swift in Sources */,
				30AFA5952D00BCD0004AFA98 /* PriorityQueueTTSWrapper.swift in Sources */,
			);
			runOnlyForDeploymentPostprocessing = 0;
		};
/* End PBXSourcesBuildPhase section */

/* Begin PBXTargetDependency section */
		7E29F01F228B548200CA7DD6 /* PBXTargetDependency */ = {
			isa = PBXTargetDependency;
			target = 7E29F008228B548100CA7DD6 /* CaBot-Attend */;
			targetProxy = 7E29F01E228B548200CA7DD6 /* PBXContainerItemProxy */;
		};
		7E29F02A228B548200CA7DD6 /* PBXTargetDependency */ = {
			isa = PBXTargetDependency;
			target = 7E29F008228B548100CA7DD6 /* CaBot-Attend */;
			targetProxy = 7E29F029228B548200CA7DD6 /* PBXContainerItemProxy */;
		};
/* End PBXTargetDependency section */

/* Begin PBXVariantGroup section */
		097845C22531E65B004DE1F6 /* Attend-InfoPlist.strings */ = {
			isa = PBXVariantGroup;
			children = (
				097845C12531E65B004DE1F6 /* ja */,
				097845C32531E685004DE1F6 /* en */,
				A056A36E2D8059DE0001FD38 /* zh-Hans */,
			);
			name = "Attend-InfoPlist.strings";
			sourceTree = "<group>";
		};
		7E557EFE2581C79B00B1B9CA /* Localizable.strings */ = {
			isa = PBXVariantGroup;
			children = (
				7E557EFF2581C79B00B1B9CA /* Base */,
				7E557F042581C80E00B1B9CA /* ja */,
				3013614A26A2262B0050CF9E /* en */,
				A056A36F2D8059DE0001FD38 /* zh-Hans */,
			);
			name = Localizable.strings;
			sourceTree = "<group>";
		};
		D7CC05362BFB688400C0B10A /* User-InfoPlist.strings */ = {
			isa = PBXVariantGroup;
			children = (
				D7CC05372BFB688400C0B10A /* en */,
				D7CC05392BFB68BB00C0B10A /* ja */,
				A056A36D2D8059DE0001FD38 /* zh-Hans */,
			);
			name = "User-InfoPlist.strings";
			sourceTree = "<group>";
		};
/* End PBXVariantGroup section */

/* Begin XCBuildConfiguration section */
		7E29F02F228B548200CA7DD6 /* Debug */ = {
			isa = XCBuildConfiguration;
			buildSettings = {
				ALWAYS_EMBED_SWIFT_STANDARD_LIBRARIES = NO;
				ALWAYS_SEARCH_USER_PATHS = NO;
				ARCHS = "$(ARCHS_STANDARD)";
				CLANG_ANALYZER_LOCALIZABILITY_NONLOCALIZED = YES;
				CLANG_ANALYZER_NONNULL = YES;
				CLANG_ANALYZER_NUMBER_OBJECT_CONVERSION = YES_AGGRESSIVE;
				CLANG_CXX_LANGUAGE_STANDARD = "gnu++14";
				CLANG_CXX_LIBRARY = "libc++";
				CLANG_ENABLE_MODULES = YES;
				CLANG_ENABLE_OBJC_ARC = YES;
				CLANG_ENABLE_OBJC_WEAK = YES;
				CLANG_WARN_BLOCK_CAPTURE_AUTORELEASING = YES;
				CLANG_WARN_BOOL_CONVERSION = YES;
				CLANG_WARN_COMMA = YES;
				CLANG_WARN_CONSTANT_CONVERSION = YES;
				CLANG_WARN_DEPRECATED_OBJC_IMPLEMENTATIONS = YES;
				CLANG_WARN_DIRECT_OBJC_ISA_USAGE = YES_ERROR;
				CLANG_WARN_DOCUMENTATION_COMMENTS = YES;
				CLANG_WARN_EMPTY_BODY = YES;
				CLANG_WARN_ENUM_CONVERSION = YES;
				CLANG_WARN_INFINITE_RECURSION = YES;
				CLANG_WARN_INT_CONVERSION = YES;
				CLANG_WARN_NON_LITERAL_NULL_CONVERSION = YES;
				CLANG_WARN_OBJC_IMPLICIT_RETAIN_SELF = YES;
				CLANG_WARN_OBJC_LITERAL_CONVERSION = YES;
				CLANG_WARN_OBJC_ROOT_CLASS = YES_ERROR;
				CLANG_WARN_QUOTED_INCLUDE_IN_FRAMEWORK_HEADER = YES;
				CLANG_WARN_RANGE_LOOP_ANALYSIS = YES;
				CLANG_WARN_STRICT_PROTOTYPES = YES;
				CLANG_WARN_SUSPICIOUS_MOVE = YES;
				CLANG_WARN_UNGUARDED_AVAILABILITY = YES_AGGRESSIVE;
				CLANG_WARN_UNREACHABLE_CODE = YES;
				CLANG_WARN__DUPLICATE_METHOD_MATCH = YES;
				CODE_SIGN_IDENTITY = "iPhone Developer";
				COPY_PHASE_STRIP = NO;
				DEBUG_INFORMATION_FORMAT = dwarf;
				ENABLE_STRICT_OBJC_MSGSEND = YES;
				ENABLE_TESTABILITY = YES;
				GCC_C_LANGUAGE_STANDARD = gnu11;
				GCC_DYNAMIC_NO_PIC = NO;
				GCC_NO_COMMON_BLOCKS = YES;
				GCC_OPTIMIZATION_LEVEL = 0;
				GCC_PREPROCESSOR_DEFINITIONS = (
					"DEBUG=1",
					"$(inherited)",
				);
				GCC_WARN_64_TO_32_BIT_CONVERSION = YES;
				GCC_WARN_ABOUT_RETURN_TYPE = YES_ERROR;
				GCC_WARN_UNDECLARED_SELECTOR = YES;
				GCC_WARN_UNINITIALIZED_AUTOS = YES_AGGRESSIVE;
				GCC_WARN_UNUSED_FUNCTION = YES;
				GCC_WARN_UNUSED_VARIABLE = YES;
				IPHONEOS_DEPLOYMENT_TARGET = 17.4;
				MTL_ENABLE_DEBUG_INFO = INCLUDE_SOURCE;
				MTL_FAST_MATH = YES;
				ONLY_ACTIVE_ARCH = YES;
				SDKROOT = iphoneos;
				SWIFT_ACTIVE_COMPILATION_CONDITIONS = DEBUG;
				SWIFT_OPTIMIZATION_LEVEL = "-Onone";
			};
			name = Debug;
		};
		7E29F030228B548200CA7DD6 /* Release */ = {
			isa = XCBuildConfiguration;
			buildSettings = {
				ALWAYS_EMBED_SWIFT_STANDARD_LIBRARIES = NO;
				ALWAYS_SEARCH_USER_PATHS = NO;
				ARCHS = "$(ARCHS_STANDARD)";
				CLANG_ANALYZER_LOCALIZABILITY_NONLOCALIZED = YES;
				CLANG_ANALYZER_NONNULL = YES;
				CLANG_ANALYZER_NUMBER_OBJECT_CONVERSION = YES_AGGRESSIVE;
				CLANG_CXX_LANGUAGE_STANDARD = "gnu++14";
				CLANG_CXX_LIBRARY = "libc++";
				CLANG_ENABLE_MODULES = YES;
				CLANG_ENABLE_OBJC_ARC = YES;
				CLANG_ENABLE_OBJC_WEAK = YES;
				CLANG_WARN_BLOCK_CAPTURE_AUTORELEASING = YES;
				CLANG_WARN_BOOL_CONVERSION = YES;
				CLANG_WARN_COMMA = YES;
				CLANG_WARN_CONSTANT_CONVERSION = YES;
				CLANG_WARN_DEPRECATED_OBJC_IMPLEMENTATIONS = YES;
				CLANG_WARN_DIRECT_OBJC_ISA_USAGE = YES_ERROR;
				CLANG_WARN_DOCUMENTATION_COMMENTS = YES;
				CLANG_WARN_EMPTY_BODY = YES;
				CLANG_WARN_ENUM_CONVERSION = YES;
				CLANG_WARN_INFINITE_RECURSION = YES;
				CLANG_WARN_INT_CONVERSION = YES;
				CLANG_WARN_NON_LITERAL_NULL_CONVERSION = YES;
				CLANG_WARN_OBJC_IMPLICIT_RETAIN_SELF = YES;
				CLANG_WARN_OBJC_LITERAL_CONVERSION = YES;
				CLANG_WARN_OBJC_ROOT_CLASS = YES_ERROR;
				CLANG_WARN_QUOTED_INCLUDE_IN_FRAMEWORK_HEADER = YES;
				CLANG_WARN_RANGE_LOOP_ANALYSIS = YES;
				CLANG_WARN_STRICT_PROTOTYPES = YES;
				CLANG_WARN_SUSPICIOUS_MOVE = YES;
				CLANG_WARN_UNGUARDED_AVAILABILITY = YES_AGGRESSIVE;
				CLANG_WARN_UNREACHABLE_CODE = YES;
				CLANG_WARN__DUPLICATE_METHOD_MATCH = YES;
				CODE_SIGN_IDENTITY = "iPhone Developer";
				COPY_PHASE_STRIP = NO;
				DEBUG_INFORMATION_FORMAT = "dwarf-with-dsym";
				ENABLE_NS_ASSERTIONS = NO;
				ENABLE_STRICT_OBJC_MSGSEND = YES;
				GCC_C_LANGUAGE_STANDARD = gnu11;
				GCC_NO_COMMON_BLOCKS = YES;
				GCC_WARN_64_TO_32_BIT_CONVERSION = YES;
				GCC_WARN_ABOUT_RETURN_TYPE = YES_ERROR;
				GCC_WARN_UNDECLARED_SELECTOR = YES;
				GCC_WARN_UNINITIALIZED_AUTOS = YES_AGGRESSIVE;
				GCC_WARN_UNUSED_FUNCTION = YES;
				GCC_WARN_UNUSED_VARIABLE = YES;
				IPHONEOS_DEPLOYMENT_TARGET = 17.4;
				MTL_ENABLE_DEBUG_INFO = NO;
				MTL_FAST_MATH = YES;
				ONLY_ACTIVE_ARCH = NO;
				SDKROOT = iphoneos;
				SWIFT_COMPILATION_MODE = wholemodule;
				SWIFT_OPTIMIZATION_LEVEL = "-O";
				VALIDATE_PRODUCT = YES;
			};
			name = Release;
		};
		7E29F032228B548200CA7DD6 /* Debug */ = {
			isa = XCBuildConfiguration;
			buildSettings = {
				ARCHS = "$(ARCHS_STANDARD)";
				ASSETCATALOG_COMPILER_APPICON_NAME = AppIcon;
				CODE_SIGN_IDENTITY = "Apple Development";
				CODE_SIGN_STYLE = Manual;
				DEVELOPMENT_ASSET_PATHS = "\"CaBot/Views/Preview Content\"";
				DEVELOPMENT_TEAM = "";
				ENABLE_BITCODE = NO;
				FRAMEWORK_SEARCH_PATHS = "$(inherited)";
				GCC_PRECOMPILE_PREFIX_HEADER = YES;
				GCC_PREFIX_HEADER = $PROJECT_DIR/FromNavCog/NavCog3.pch;
				HEADER_SEARCH_PATHS = "";
				INFOPLIST_FILE = CaBot/Info.plist;
				IPHONEOS_DEPLOYMENT_TARGET = 17.4;
				LD_RUNPATH_SEARCH_PATHS = (
					"$(inherited)",
					"@executable_path/Frameworks",
				);
				ONLY_ACTIVE_ARCH = YES;
				OTHER_SWIFT_FLAGS = "\"-DATTEND\"";
				PRODUCT_BUNDLE_IDENTIFIER = CMU.CaBotRemote.CaBot.Attendant;
				PRODUCT_NAME = "$(TARGET_NAME)";
				PROVISIONING_PROFILE_SPECIFIER = "";
				SWIFT_OBJC_BRIDGING_HEADER = CaBot/bridging.h;
				SWIFT_PRECOMPILE_BRIDGING_HEADER = NO;
				SWIFT_VERSION = 5.0;
				TARGETED_DEVICE_FAMILY = "1,2";
			};
			name = Debug;
		};
		7E29F033228B548200CA7DD6 /* Release */ = {
			isa = XCBuildConfiguration;
			buildSettings = {
				ARCHS = "$(ARCHS_STANDARD)";
				ASSETCATALOG_COMPILER_APPICON_NAME = AppIcon;
				CODE_SIGN_IDENTITY = "Apple Development";
				CODE_SIGN_STYLE = Manual;
				DEVELOPMENT_ASSET_PATHS = "\"CaBot/Views/Preview Content\"";
				DEVELOPMENT_TEAM = "";
				ENABLE_BITCODE = NO;
				FRAMEWORK_SEARCH_PATHS = "$(inherited)";
				GCC_PRECOMPILE_PREFIX_HEADER = YES;
				GCC_PREFIX_HEADER = $PROJECT_DIR/FromNavCog/NavCog3.pch;
				HEADER_SEARCH_PATHS = "";
				INFOPLIST_FILE = CaBot/Info.plist;
				IPHONEOS_DEPLOYMENT_TARGET = 17.4;
				LD_RUNPATH_SEARCH_PATHS = (
					"$(inherited)",
					"@executable_path/Frameworks",
				);
				ONLY_ACTIVE_ARCH = YES;
				OTHER_SWIFT_FLAGS = "\"-DATTEND\"";
				PRODUCT_BUNDLE_IDENTIFIER = CMU.CaBotRemote.CaBot.Attendant;
				PRODUCT_NAME = "$(TARGET_NAME)";
				PROVISIONING_PROFILE_SPECIFIER = "";
				SWIFT_OBJC_BRIDGING_HEADER = CaBot/bridging.h;
				SWIFT_PRECOMPILE_BRIDGING_HEADER = NO;
				SWIFT_VERSION = 5.0;
				TARGETED_DEVICE_FAMILY = "1,2";
			};
			name = Release;
		};
		7E29F035228B548200CA7DD6 /* Debug */ = {
			isa = XCBuildConfiguration;
			buildSettings = {
				ALWAYS_EMBED_SWIFT_STANDARD_LIBRARIES = YES;
				BUNDLE_LOADER = "$(TEST_HOST)";
				CODE_SIGN_STYLE = Automatic;
				DEVELOPMENT_TEAM = B98QB5W4Z4;
				INFOPLIST_FILE = CaBotTests/Info.plist;
				IPHONEOS_DEPLOYMENT_TARGET = 15.0;
				LD_RUNPATH_SEARCH_PATHS = (
					"$(inherited)",
					"@executable_path/Frameworks",
					"@loader_path/Frameworks",
				);
				PRODUCT_BUNDLE_IDENTIFIER = CMU.CaBotRemote.CaBotTests;
				PRODUCT_NAME = "$(TARGET_NAME)";
				SWIFT_VERSION = 5.0;
				TARGETED_DEVICE_FAMILY = "1,2";
				TEST_HOST = "$(BUILT_PRODUCTS_DIR)/CaBot.app/CaBot";
			};
			name = Debug;
		};
		7E29F036228B548200CA7DD6 /* Release */ = {
			isa = XCBuildConfiguration;
			buildSettings = {
				ALWAYS_EMBED_SWIFT_STANDARD_LIBRARIES = YES;
				BUNDLE_LOADER = "$(TEST_HOST)";
				CODE_SIGN_STYLE = Automatic;
				DEVELOPMENT_TEAM = B98QB5W4Z4;
				INFOPLIST_FILE = CaBotTests/Info.plist;
				IPHONEOS_DEPLOYMENT_TARGET = 15.0;
				LD_RUNPATH_SEARCH_PATHS = (
					"$(inherited)",
					"@executable_path/Frameworks",
					"@loader_path/Frameworks",
				);
				PRODUCT_BUNDLE_IDENTIFIER = CMU.CaBotRemote.CaBotTests;
				PRODUCT_NAME = "$(TARGET_NAME)";
				SWIFT_VERSION = 5.0;
				TARGETED_DEVICE_FAMILY = "1,2";
				TEST_HOST = "$(BUILT_PRODUCTS_DIR)/CaBot.app/CaBot";
			};
			name = Release;
		};
		7E29F038228B548200CA7DD6 /* Debug */ = {
			isa = XCBuildConfiguration;
			buildSettings = {
				ALWAYS_EMBED_SWIFT_STANDARD_LIBRARIES = YES;
				CODE_SIGN_STYLE = Automatic;
				DEVELOPMENT_TEAM = B98QB5W4Z4;
				INFOPLIST_FILE = CaBotUITests/Info.plist;
				LD_RUNPATH_SEARCH_PATHS = (
					"$(inherited)",
					"@executable_path/Frameworks",
					"@loader_path/Frameworks",
				);
				PRODUCT_BUNDLE_IDENTIFIER = CMU.CaBotRemote.CaBotUITests;
				PRODUCT_NAME = "$(TARGET_NAME)";
				SWIFT_VERSION = 5.0;
				TARGETED_DEVICE_FAMILY = "1,2";
				TEST_TARGET_NAME = CaBot;
			};
			name = Debug;
		};
		7E29F039228B548200CA7DD6 /* Release */ = {
			isa = XCBuildConfiguration;
			buildSettings = {
				ALWAYS_EMBED_SWIFT_STANDARD_LIBRARIES = YES;
				CODE_SIGN_STYLE = Automatic;
				DEVELOPMENT_TEAM = B98QB5W4Z4;
				INFOPLIST_FILE = CaBotUITests/Info.plist;
				LD_RUNPATH_SEARCH_PATHS = (
					"$(inherited)",
					"@executable_path/Frameworks",
					"@loader_path/Frameworks",
				);
				PRODUCT_BUNDLE_IDENTIFIER = CMU.CaBotRemote.CaBotUITests;
				PRODUCT_NAME = "$(TARGET_NAME)";
				SWIFT_VERSION = 5.0;
				TARGETED_DEVICE_FAMILY = "1,2";
				TEST_TARGET_NAME = CaBot;
			};
			name = Release;
		};
		7EDE7C9029B5715800A65829 /* Debug */ = {
			isa = XCBuildConfiguration;
			buildSettings = {
				CLANG_CXX_LANGUAGE_STANDARD = "gnu++20";
				"CODE_SIGN_IDENTITY[sdk=macosx*]" = "Apple Development";
				CODE_SIGN_STYLE = Automatic;
				DEVELOPMENT_TEAM = B98QB5W4Z4;
				MACOSX_DEPLOYMENT_TARGET = 13.0;
				PRODUCT_BUNDLE_IDENTIFIER = CMU.CaBotRemote.CaBotTool;
				PRODUCT_NAME = "$(TARGET_NAME)";
				SDKROOT = macosx;
				SWIFT_VERSION = 5.0;
			};
			name = Debug;
		};
		7EDE7C9129B5715800A65829 /* Release */ = {
			isa = XCBuildConfiguration;
			buildSettings = {
				CLANG_CXX_LANGUAGE_STANDARD = "gnu++20";
				"CODE_SIGN_IDENTITY[sdk=macosx*]" = "Apple Development";
				CODE_SIGN_STYLE = Automatic;
				DEVELOPMENT_TEAM = B98QB5W4Z4;
				MACOSX_DEPLOYMENT_TARGET = 13.0;
				PRODUCT_BUNDLE_IDENTIFIER = CMU.CaBotRemote.CaBotTool;
				PRODUCT_NAME = "$(TARGET_NAME)";
				SDKROOT = macosx;
				SWIFT_VERSION = 5.0;
			};
			name = Release;
		};
		D7CC05292BFB352700C0B10A /* Debug */ = {
			isa = XCBuildConfiguration;
			buildSettings = {
				ARCHS = "$(ARCHS_STANDARD)";
				ASSETCATALOG_COMPILER_APPICON_NAME = AppIcon;
				CODE_SIGN_IDENTITY = "Apple Development";
				CODE_SIGN_STYLE = Manual;
				DEVELOPMENT_ASSET_PATHS = "\"CaBot/Views/Preview Content\"";
				DEVELOPMENT_TEAM = "";
				ENABLE_BITCODE = NO;
				FRAMEWORK_SEARCH_PATHS = "$(inherited)";
				GCC_PRECOMPILE_PREFIX_HEADER = YES;
				GCC_PREFIX_HEADER = $PROJECT_DIR/FromNavCog/NavCog3.pch;
				HEADER_SEARCH_PATHS = "";
				INFOPLIST_FILE = CaBot/Info.plist;
				IPHONEOS_DEPLOYMENT_TARGET = 17.4;
				LD_RUNPATH_SEARCH_PATHS = (
					"$(inherited)",
					"@executable_path/Frameworks",
				);
				ONLY_ACTIVE_ARCH = YES;
				OTHER_SWIFT_FLAGS = "\"-DUSER\"";
				PRODUCT_BUNDLE_IDENTIFIER = CMU.CaBotRemote.CaBot.User;
				PRODUCT_NAME = "$(TARGET_NAME)";
				PROVISIONING_PROFILE_SPECIFIER = "";
				SWIFT_OBJC_BRIDGING_HEADER = CaBot/bridging.h;
				SWIFT_PRECOMPILE_BRIDGING_HEADER = NO;
				SWIFT_VERSION = 5.0;
				TARGETED_DEVICE_FAMILY = "1,2";
			};
			name = Debug;
		};
		D7CC052A2BFB352700C0B10A /* Release */ = {
			isa = XCBuildConfiguration;
			buildSettings = {
				ARCHS = "$(ARCHS_STANDARD)";
				ASSETCATALOG_COMPILER_APPICON_NAME = AppIcon;
				CODE_SIGN_IDENTITY = "Apple Development";
				CODE_SIGN_STYLE = Manual;
				DEVELOPMENT_ASSET_PATHS = "\"CaBot/Views/Preview Content\"";
				DEVELOPMENT_TEAM = "";
				ENABLE_BITCODE = NO;
				FRAMEWORK_SEARCH_PATHS = "$(inherited)";
				GCC_PRECOMPILE_PREFIX_HEADER = YES;
				GCC_PREFIX_HEADER = $PROJECT_DIR/FromNavCog/NavCog3.pch;
				HEADER_SEARCH_PATHS = "";
				INFOPLIST_FILE = CaBot/Info.plist;
				IPHONEOS_DEPLOYMENT_TARGET = 17.4;
				LD_RUNPATH_SEARCH_PATHS = (
					"$(inherited)",
					"@executable_path/Frameworks",
				);
				ONLY_ACTIVE_ARCH = YES;
				OTHER_SWIFT_FLAGS = "\"-DUSER\"";
				PRODUCT_BUNDLE_IDENTIFIER = CMU.CaBotRemote.CaBot.User;
				PRODUCT_NAME = "$(TARGET_NAME)";
				PROVISIONING_PROFILE_SPECIFIER = "";
				SWIFT_OBJC_BRIDGING_HEADER = CaBot/bridging.h;
				SWIFT_PRECOMPILE_BRIDGING_HEADER = NO;
				SWIFT_VERSION = 5.0;
				TARGETED_DEVICE_FAMILY = "1,2";
			};
			name = Release;
		};
/* End XCBuildConfiguration section */

/* Begin XCConfigurationList section */
		7E29F004228B548100CA7DD6 /* Build configuration list for PBXProject "CaBot" */ = {
			isa = XCConfigurationList;
			buildConfigurations = (
				7E29F02F228B548200CA7DD6 /* Debug */,
				7E29F030228B548200CA7DD6 /* Release */,
			);
			defaultConfigurationIsVisible = 0;
			defaultConfigurationName = Release;
		};
		7E29F031228B548200CA7DD6 /* Build configuration list for PBXNativeTarget "CaBot-Attend" */ = {
			isa = XCConfigurationList;
			buildConfigurations = (
				7E29F032228B548200CA7DD6 /* Debug */,
				7E29F033228B548200CA7DD6 /* Release */,
			);
			defaultConfigurationIsVisible = 0;
			defaultConfigurationName = Release;
		};
		7E29F034228B548200CA7DD6 /* Build configuration list for PBXNativeTarget "CaBotTests" */ = {
			isa = XCConfigurationList;
			buildConfigurations = (
				7E29F035228B548200CA7DD6 /* Debug */,
				7E29F036228B548200CA7DD6 /* Release */,
			);
			defaultConfigurationIsVisible = 0;
			defaultConfigurationName = Release;
		};
		7E29F037228B548200CA7DD6 /* Build configuration list for PBXNativeTarget "CaBotUITests" */ = {
			isa = XCConfigurationList;
			buildConfigurations = (
				7E29F038228B548200CA7DD6 /* Debug */,
				7E29F039228B548200CA7DD6 /* Release */,
			);
			defaultConfigurationIsVisible = 0;
			defaultConfigurationName = Release;
		};
		7EDE7C8F29B5715800A65829 /* Build configuration list for PBXNativeTarget "CaBotTool" */ = {
			isa = XCConfigurationList;
			buildConfigurations = (
				7EDE7C9029B5715800A65829 /* Debug */,
				7EDE7C9129B5715800A65829 /* Release */,
			);
			defaultConfigurationIsVisible = 0;
			defaultConfigurationName = Release;
		};
		D7CC05282BFB352700C0B10A /* Build configuration list for PBXNativeTarget "CaBot-User" */ = {
			isa = XCConfigurationList;
			buildConfigurations = (
				D7CC05292BFB352700C0B10A /* Debug */,
				D7CC052A2BFB352700C0B10A /* Release */,
			);
			defaultConfigurationIsVisible = 0;
			defaultConfigurationName = Release;
		};
/* End XCConfigurationList section */

/* Begin XCRemoteSwiftPackageReference section */
		0967677D29371B9F005CFA58 /* XCRemoteSwiftPackageReference "socket" */ = {
			isa = XCRemoteSwiftPackageReference;
			repositoryURL = "https://github.com/socketio/socket.io-client-swift";
			requirement = {
				branch = master;
				kind = branch;
			};
		};
		3009AC2F26AA3F4000370873 /* XCRemoteSwiftPackageReference "HLPDialog" */ = {
			isa = XCRemoteSwiftPackageReference;
			repositoryURL = "https://github.com/hulop/HLPDialog";
			requirement = {
				branch = "swift-package";
				kind = branch;
			};
		};
		306069B229A5E45D001FB5DB /* XCRemoteSwiftPackageReference "NavigationBackport" */ = {
			isa = XCRemoteSwiftPackageReference;
			repositoryURL = "https://github.com/johnpatrickmorgan/NavigationBackport.git";
			requirement = {
				kind = exactVersion;
				version = 0.7.1;
			};
		};
		306C7F6A265D435100E5928E /* XCRemoteSwiftPackageReference "Yams" */ = {
			isa = XCRemoteSwiftPackageReference;
			repositoryURL = "https://github.com/jpsim/Yams";
			requirement = {
				kind = exactVersion;
				version = 2.0.0;
			};
		};
		308FCE2127D9014E009FCC7B /* XCRemoteSwiftPackageReference "swift-collections" */ = {
			isa = XCRemoteSwiftPackageReference;
			repositoryURL = "https://github.com/apple/swift-collections.git";
			requirement = {
				kind = exactVersion;
				version = 1.0.1;
			};
		};
		308FCE2827E12844009FCC7B /* XCRemoteSwiftPackageReference "GzipSwift" */ = {
			isa = XCRemoteSwiftPackageReference;
			repositoryURL = "https://github.com/1024jp/GzipSwift";
			requirement = {
				kind = exactVersion;
				version = 5.1.1;
			};
		};
		30AFA59C2D00BD4E004AFA98 /* XCRemoteSwiftPackageReference "ChatView" */ = {
			isa = XCRemoteSwiftPackageReference;
			repositoryURL = "https://github.com/CMU-cabot/ChatView";
			requirement = {
				branch = main;
				kind = branch;
			};
		};
		30AFA5A12D00BDAB004AFA98 /* XCRemoteSwiftPackageReference "OpenAI" */ = {
			isa = XCRemoteSwiftPackageReference;
			repositoryURL = "https://github.com/cmu-cabot/OpenAI";
			requirement = {
				branch = main;
				kind = branch;
			};
		};
		7EDE7C9229B5733D00A65829 /* XCRemoteSwiftPackageReference "swift-argument-parser" */ = {
			isa = XCRemoteSwiftPackageReference;
			repositoryURL = "https://github.com/apple/swift-argument-parser.git";
			requirement = {
				kind = upToNextMajorVersion;
				minimumVersion = 1.0.0;
			};
		};
		A97F30DD2CDDC9FA00BE5C43 /* XCRemoteSwiftPackageReference "PriorityQueueTTS" */ = {
			isa = XCRemoteSwiftPackageReference;
			repositoryURL = "https://github.com/CMU-cabot/PriorityQueueTTS.git";
			requirement = {
				branch = dev;
				kind = branch;
			};
		};
		D7CC04E82BFB352700C0B10A /* XCRemoteSwiftPackageReference "Yams" */ = {
			isa = XCRemoteSwiftPackageReference;
			repositoryURL = "https://github.com/jpsim/Yams";
			requirement = {
				kind = exactVersion;
				version = 2.0.0;
			};
		};
		D7CC04EA2BFB352700C0B10A /* XCRemoteSwiftPackageReference "HLPDialog" */ = {
			isa = XCRemoteSwiftPackageReference;
			repositoryURL = "https://github.com/hulop/HLPDialog";
			requirement = {
				branch = "swift-package";
				kind = branch;
			};
		};
		D7CC04EC2BFB352700C0B10A /* XCRemoteSwiftPackageReference "swift-collections" */ = {
			isa = XCRemoteSwiftPackageReference;
			repositoryURL = "https://github.com/apple/swift-collections.git";
			requirement = {
				kind = exactVersion;
				version = 1.0.1;
			};
		};
		D7CC04EE2BFB352700C0B10A /* XCRemoteSwiftPackageReference "GzipSwift" */ = {
			isa = XCRemoteSwiftPackageReference;
			repositoryURL = "https://github.com/1024jp/GzipSwift";
			requirement = {
				kind = exactVersion;
				version = 5.1.1;
			};
		};
		D7CC04F02BFB352700C0B10A /* XCRemoteSwiftPackageReference "socket" */ = {
			isa = XCRemoteSwiftPackageReference;
			repositoryURL = "https://github.com/socketio/socket.io-client-swift";
			requirement = {
				branch = master;
				kind = branch;
			};
		};
		D7CC04F22BFB352700C0B10A /* XCRemoteSwiftPackageReference "NavigationBackport" */ = {
			isa = XCRemoteSwiftPackageReference;
			repositoryURL = "https://github.com/johnpatrickmorgan/NavigationBackport.git";
			requirement = {
				kind = exactVersion;
				version = 0.7.1;
			};
		};
/* End XCRemoteSwiftPackageReference section */

/* Begin XCSwiftPackageProductDependency section */
		0967677E29371BA0005CFA58 /* SocketIO */ = {
			isa = XCSwiftPackageProductDependency;
			package = 0967677D29371B9F005CFA58 /* XCRemoteSwiftPackageReference "socket" */;
			productName = SocketIO;
		};
		3009AC3026AA3F4000370873 /* HLPDialog */ = {
			isa = XCSwiftPackageProductDependency;
			package = 3009AC2F26AA3F4000370873 /* XCRemoteSwiftPackageReference "HLPDialog" */;
			productName = HLPDialog;
		};
		306069B329A5E45D001FB5DB /* NavigationBackport */ = {
			isa = XCSwiftPackageProductDependency;
			package = 306069B229A5E45D001FB5DB /* XCRemoteSwiftPackageReference "NavigationBackport" */;
			productName = NavigationBackport;
		};
		306C7F6B265D435100E5928E /* Yams */ = {
			isa = XCSwiftPackageProductDependency;
			package = 306C7F6A265D435100E5928E /* XCRemoteSwiftPackageReference "Yams" */;
			productName = Yams;
		};
		308FCE2227D9014E009FCC7B /* Collections */ = {
			isa = XCSwiftPackageProductDependency;
			package = 308FCE2127D9014E009FCC7B /* XCRemoteSwiftPackageReference "swift-collections" */;
			productName = Collections;
		};
		308FCE2927E12844009FCC7B /* Gzip */ = {
			isa = XCSwiftPackageProductDependency;
			package = 308FCE2827E12844009FCC7B /* XCRemoteSwiftPackageReference "GzipSwift" */;
			productName = Gzip;
		};
		30AFA59D2D00BD4E004AFA98 /* ChatView */ = {
			isa = XCSwiftPackageProductDependency;
			package = 30AFA59C2D00BD4E004AFA98 /* XCRemoteSwiftPackageReference "ChatView" */;
			productName = ChatView;
		};
		30AFA59F2D00BD73004AFA98 /* ChatView */ = {
			isa = XCSwiftPackageProductDependency;
			package = 30AFA59C2D00BD4E004AFA98 /* XCRemoteSwiftPackageReference "ChatView" */;
			productName = ChatView;
		};
		30AFA5A22D00BDAB004AFA98 /* OpenAI */ = {
			isa = XCSwiftPackageProductDependency;
			package = 30AFA5A12D00BDAB004AFA98 /* XCRemoteSwiftPackageReference "OpenAI" */;
			productName = OpenAI;
		};
		30AFA5A42D00BDB4004AFA98 /* OpenAI */ = {
			isa = XCSwiftPackageProductDependency;
			package = 30AFA5A12D00BDAB004AFA98 /* XCRemoteSwiftPackageReference "OpenAI" */;
			productName = OpenAI;
		};
		7EDE7C9529B5737C00A65829 /* ArgumentParser */ = {
			isa = XCSwiftPackageProductDependency;
			package = 7EDE7C9229B5733D00A65829 /* XCRemoteSwiftPackageReference "swift-argument-parser" */;
			productName = ArgumentParser;
		};
		7EDE7C9829B5803700A65829 /* Yams */ = {
			isa = XCSwiftPackageProductDependency;
			package = 306C7F6A265D435100E5928E /* XCRemoteSwiftPackageReference "Yams" */;
			productName = Yams;
		};
		A97F30DE2CDDC9FA00BE5C43 /* PriorityQueueTTS */ = {
			isa = XCSwiftPackageProductDependency;
			package = A97F30DD2CDDC9FA00BE5C43 /* XCRemoteSwiftPackageReference "PriorityQueueTTS" */;
			productName = PriorityQueueTTS;
		};
		A97F30E02CDDCA0D00BE5C43 /* PriorityQueueTTS */ = {
			isa = XCSwiftPackageProductDependency;
			package = A97F30DD2CDDC9FA00BE5C43 /* XCRemoteSwiftPackageReference "PriorityQueueTTS" */;
			productName = PriorityQueueTTS;
		};
		D7CC04E72BFB352700C0B10A /* Yams */ = {
			isa = XCSwiftPackageProductDependency;
			package = D7CC04E82BFB352700C0B10A /* XCRemoteSwiftPackageReference "Yams" */;
			productName = Yams;
		};
		D7CC04E92BFB352700C0B10A /* HLPDialog */ = {
			isa = XCSwiftPackageProductDependency;
			package = D7CC04EA2BFB352700C0B10A /* XCRemoteSwiftPackageReference "HLPDialog" */;
			productName = HLPDialog;
		};
		D7CC04EB2BFB352700C0B10A /* Collections */ = {
			isa = XCSwiftPackageProductDependency;
			package = D7CC04EC2BFB352700C0B10A /* XCRemoteSwiftPackageReference "swift-collections" */;
			productName = Collections;
		};
		D7CC04ED2BFB352700C0B10A /* Gzip */ = {
			isa = XCSwiftPackageProductDependency;
			package = D7CC04EE2BFB352700C0B10A /* XCRemoteSwiftPackageReference "GzipSwift" */;
			productName = Gzip;
		};
		D7CC04EF2BFB352700C0B10A /* SocketIO */ = {
			isa = XCSwiftPackageProductDependency;
			package = D7CC04F02BFB352700C0B10A /* XCRemoteSwiftPackageReference "socket" */;
			productName = SocketIO;
		};
		D7CC04F12BFB352700C0B10A /* NavigationBackport */ = {
			isa = XCSwiftPackageProductDependency;
			package = D7CC04F22BFB352700C0B10A /* XCRemoteSwiftPackageReference "NavigationBackport" */;
			productName = NavigationBackport;
		};
/* End XCSwiftPackageProductDependency section */

/* Begin XCVersionGroup section */
		30E50DD9269F7E3800729ABD /* CaBot.xcdatamodeld */ = {
			isa = XCVersionGroup;
			children = (
				30E50DDA269F7E3800729ABD /* CaBot.xcdatamodel */,
			);
			currentVersion = 30E50DDA269F7E3800729ABD /* CaBot.xcdatamodel */;
			path = CaBot.xcdatamodeld;
			sourceTree = "<group>";
			versionGroupType = wrapper.xcdatamodel;
		};
/* End XCVersionGroup section */
	};
	rootObject = 7E29F001228B548100CA7DD6 /* Project object */;
}
